// !$*UTF8*$!
{
	archiveVersion = 1;
	classes = {
	};
	objectVersion = 46;
	objects = {

/* Begin PBXBuildFile section */
		25140C77D6B58D3F25F91138 /* libPods.a in Frameworks */ = {isa = PBXBuildFile; fileRef = A598FA92A0A9B0BEE84310DD /* libPods.a */; };
		262011F31CE99D9100F6E0DA /* DACircularProgressView.m in Sources */ = {isa = PBXBuildFile; fileRef = 262011F01CE99D9100F6E0DA /* DACircularProgressView.m */; };
		262011F41CE99D9100F6E0DA /* DALabeledCircularProgressView.m in Sources */ = {isa = PBXBuildFile; fileRef = 262011F21CE99D9100F6E0DA /* DALabeledCircularProgressView.m */; };
		262011F81CE99DE300F6E0DA /* KWProgressView.m in Sources */ = {isa = PBXBuildFile; fileRef = 262011F71CE99DE300F6E0DA /* KWProgressView.m */; };
		262011FC1CE9A6C200F6E0DA /* KWShowPictureViewController.m in Sources */ = {isa = PBXBuildFile; fileRef = 262011FA1CE9A6C200F6E0DA /* KWShowPictureViewController.m */; };
		262011FD1CE9A6C200F6E0DA /* KWShowPictureViewController.xib in Resources */ = {isa = PBXBuildFile; fileRef = 262011FB1CE9A6C200F6E0DA /* KWShowPictureViewController.xib */; };
		268906F51CE1D6A100D4E518 /* KWLoginRegisterViewController.m in Sources */ = {isa = PBXBuildFile; fileRef = 268906F31CE1D6A100D4E518 /* KWLoginRegisterViewController.m */; };
		268906F61CE1D6A100D4E518 /* KWLoginRegisterViewController.xib in Resources */ = {isa = PBXBuildFile; fileRef = 268906F41CE1D6A100D4E518 /* KWLoginRegisterViewController.xib */; };
		268906F91CE1DF7E00D4E518 /* KWVerticalButton.m in Sources */ = {isa = PBXBuildFile; fileRef = 268906F81CE1DF7E00D4E518 /* KWVerticalButton.m */; };
		268906FC1CE206C800D4E518 /* KWTextField.m in Sources */ = {isa = PBXBuildFile; fileRef = 268906FB1CE206C800D4E518 /* KWTextField.m */; };
		268C8F541CDD999B00E18796 /* KWEssenceViewController.m in Sources */ = {isa = PBXBuildFile; fileRef = 268C8ED81CDD999B00E18796 /* KWEssenceViewController.m */; };
		268C8F551CDD999B00E18796 /* KWFriendTrendsViewController.m in Sources */ = {isa = PBXBuildFile; fileRef = 268C8EDE1CDD999B00E18796 /* KWFriendTrendsViewController.m */; };
		268C8F561CDD999B00E18796 /* KWNavigationController.m in Sources */ = {isa = PBXBuildFile; fileRef = 268C8EE41CDD999B00E18796 /* KWNavigationController.m */; };
		268C8F571CDD999B00E18796 /* KWTabBarController.m in Sources */ = {isa = PBXBuildFile; fileRef = 268C8EE61CDD999B00E18796 /* KWTabBarController.m */; };
		268C8F581CDD999B00E18796 /* KWTabBar.m in Sources */ = {isa = PBXBuildFile; fileRef = 268C8EEB1CDD999B00E18796 /* KWTabBar.m */; };
		268C8F591CDD999B00E18796 /* KWMeViewController.m in Sources */ = {isa = PBXBuildFile; fileRef = 268C8EEF1CDD999B00E18796 /* KWMeViewController.m */; };
		268C8F5A1CDD999B00E18796 /* KWNewViewController.m in Sources */ = {isa = PBXBuildFile; fileRef = 268C8EF51CDD999B00E18796 /* KWNewViewController.m */; };
		268C8F5B1CDD999B00E18796 /* AppDelegate.m in Sources */ = {isa = PBXBuildFile; fileRef = 268C8EFA1CDD999B00E18796 /* AppDelegate.m */; };
		268C8F5C1CDD999B00E18796 /* UIBarButtonItem+KWExtension.m in Sources */ = {isa = PBXBuildFile; fileRef = 268C8EFD1CDD999B00E18796 /* UIBarButtonItem+KWExtension.m */; };
		268C8F5D1CDD999B00E18796 /* UIImage+KWExtension.m in Sources */ = {isa = PBXBuildFile; fileRef = 268C8EFF1CDD999B00E18796 /* UIImage+KWExtension.m */; };
		268C8F5E1CDD999B00E18796 /* UIView+XMGExtension.m in Sources */ = {isa = PBXBuildFile; fileRef = 268C8F011CDD999B00E18796 /* UIView+XMGExtension.m */; };
		268C8F5F1CDD999B00E18796 /* AFHTTPSessionManager.m in Sources */ = {isa = PBXBuildFile; fileRef = 268C8F051CDD999B00E18796 /* AFHTTPSessionManager.m */; };
		268C8F601CDD999B00E18796 /* AFNetworkReachabilityManager.m in Sources */ = {isa = PBXBuildFile; fileRef = 268C8F081CDD999B00E18796 /* AFNetworkReachabilityManager.m */; };
		268C8F611CDD999B00E18796 /* AFSecurityPolicy.m in Sources */ = {isa = PBXBuildFile; fileRef = 268C8F0A1CDD999B00E18796 /* AFSecurityPolicy.m */; };
		268C8F621CDD999B00E18796 /* AFURLRequestSerialization.m in Sources */ = {isa = PBXBuildFile; fileRef = 268C8F0C1CDD999B00E18796 /* AFURLRequestSerialization.m */; };
		268C8F631CDD999B00E18796 /* AFURLResponseSerialization.m in Sources */ = {isa = PBXBuildFile; fileRef = 268C8F0E1CDD999B00E18796 /* AFURLResponseSerialization.m */; };
		268C8F641CDD999B00E18796 /* AFURLSessionManager.m in Sources */ = {isa = PBXBuildFile; fileRef = 268C8F101CDD999B00E18796 /* AFURLSessionManager.m */; };
		268C8F651CDD999B00E18796 /* MJExtensionConst.m in Sources */ = {isa = PBXBuildFile; fileRef = 268C8F141CDD999B00E18796 /* MJExtensionConst.m */; };
		268C8F661CDD999B00E18796 /* MJFoundation.m in Sources */ = {isa = PBXBuildFile; fileRef = 268C8F161CDD999B00E18796 /* MJFoundation.m */; };
		268C8F671CDD999B00E18796 /* MJProperty.m in Sources */ = {isa = PBXBuildFile; fileRef = 268C8F181CDD999B00E18796 /* MJProperty.m */; };
		268C8F681CDD999B00E18796 /* MJPropertyKey.m in Sources */ = {isa = PBXBuildFile; fileRef = 268C8F1A1CDD999B00E18796 /* MJPropertyKey.m */; };
		268C8F691CDD999B00E18796 /* MJPropertyType.m in Sources */ = {isa = PBXBuildFile; fileRef = 268C8F1C1CDD999B00E18796 /* MJPropertyType.m */; };
		268C8F6A1CDD999B00E18796 /* NSObject+MJClass.m in Sources */ = {isa = PBXBuildFile; fileRef = 268C8F1E1CDD999B00E18796 /* NSObject+MJClass.m */; };
		268C8F6B1CDD999B00E18796 /* NSObject+MJCoding.m in Sources */ = {isa = PBXBuildFile; fileRef = 268C8F201CDD999B00E18796 /* NSObject+MJCoding.m */; };
		268C8F6C1CDD999B00E18796 /* NSObject+MJKeyValue.m in Sources */ = {isa = PBXBuildFile; fileRef = 268C8F221CDD999B00E18796 /* NSObject+MJKeyValue.m */; };
		268C8F6D1CDD999B00E18796 /* NSObject+MJProperty.m in Sources */ = {isa = PBXBuildFile; fileRef = 268C8F241CDD999B00E18796 /* NSObject+MJProperty.m */; };
		268C8F6E1CDD999B00E18796 /* NSString+MJExtension.m in Sources */ = {isa = PBXBuildFile; fileRef = 268C8F261CDD999B00E18796 /* NSString+MJExtension.m */; };
		268C8F6F1CDD999B00E18796 /* MJRefreshAutoFooter.m in Sources */ = {isa = PBXBuildFile; fileRef = 268C8F2A1CDD999B00E18796 /* MJRefreshAutoFooter.m */; };
		268C8F701CDD999B00E18796 /* MJRefreshBackFooter.m in Sources */ = {isa = PBXBuildFile; fileRef = 268C8F2C1CDD999B00E18796 /* MJRefreshBackFooter.m */; };
		268C8F711CDD999B00E18796 /* MJRefreshComponent.m in Sources */ = {isa = PBXBuildFile; fileRef = 268C8F2E1CDD999B00E18796 /* MJRefreshComponent.m */; };
		268C8F721CDD999B00E18796 /* MJRefreshFooter.m in Sources */ = {isa = PBXBuildFile; fileRef = 268C8F301CDD999B00E18796 /* MJRefreshFooter.m */; };
		268C8F731CDD999B00E18796 /* MJRefreshHeader.m in Sources */ = {isa = PBXBuildFile; fileRef = 268C8F321CDD999B00E18796 /* MJRefreshHeader.m */; };
		268C8F741CDD999B00E18796 /* MJRefreshAutoGifFooter.m in Sources */ = {isa = PBXBuildFile; fileRef = 268C8F371CDD999B00E18796 /* MJRefreshAutoGifFooter.m */; };
		268C8F751CDD999B00E18796 /* MJRefreshAutoNormalFooter.m in Sources */ = {isa = PBXBuildFile; fileRef = 268C8F391CDD999B00E18796 /* MJRefreshAutoNormalFooter.m */; };
		268C8F761CDD999B00E18796 /* MJRefreshAutoStateFooter.m in Sources */ = {isa = PBXBuildFile; fileRef = 268C8F3B1CDD999B00E18796 /* MJRefreshAutoStateFooter.m */; };
		268C8F771CDD999B00E18796 /* MJRefreshBackGifFooter.m in Sources */ = {isa = PBXBuildFile; fileRef = 268C8F3E1CDD999B00E18796 /* MJRefreshBackGifFooter.m */; };
		268C8F781CDD999B00E18796 /* MJRefreshBackNormalFooter.m in Sources */ = {isa = PBXBuildFile; fileRef = 268C8F401CDD999B00E18796 /* MJRefreshBackNormalFooter.m */; };
		268C8F791CDD999B00E18796 /* MJRefreshBackStateFooter.m in Sources */ = {isa = PBXBuildFile; fileRef = 268C8F421CDD999B00E18796 /* MJRefreshBackStateFooter.m */; };
		268C8F7A1CDD999B00E18796 /* MJRefreshGifHeader.m in Sources */ = {isa = PBXBuildFile; fileRef = 268C8F451CDD999B00E18796 /* MJRefreshGifHeader.m */; };
		268C8F7B1CDD999B00E18796 /* MJRefreshNormalHeader.m in Sources */ = {isa = PBXBuildFile; fileRef = 268C8F471CDD999B00E18796 /* MJRefreshNormalHeader.m */; };
		268C8F7C1CDD999B00E18796 /* MJRefreshStateHeader.m in Sources */ = {isa = PBXBuildFile; fileRef = 268C8F491CDD999B00E18796 /* MJRefreshStateHeader.m */; };
		268C8F7D1CDD999B00E18796 /* MJRefresh.bundle in Resources */ = {isa = PBXBuildFile; fileRef = 268C8F4A1CDD999B00E18796 /* MJRefresh.bundle */; };
		268C8F7E1CDD999B00E18796 /* MJRefreshConst.m in Sources */ = {isa = PBXBuildFile; fileRef = 268C8F4D1CDD999B00E18796 /* MJRefreshConst.m */; };
		268C8F7F1CDD999B00E18796 /* UIScrollView+MJExtension.m in Sources */ = {isa = PBXBuildFile; fileRef = 268C8F4F1CDD999B00E18796 /* UIScrollView+MJExtension.m */; };
		268C8F801CDD999B00E18796 /* UIScrollView+MJRefresh.m in Sources */ = {isa = PBXBuildFile; fileRef = 268C8F511CDD999B00E18796 /* UIScrollView+MJRefresh.m */; };
		268C8F811CDD999B00E18796 /* UIView+MJExtension.m in Sources */ = {isa = PBXBuildFile; fileRef = 268C8F531CDD999B00E18796 /* UIView+MJExtension.m */; };
		268C8F831CDD9E2200E18796 /* KWFriendTrendsViewController.xib in Resources */ = {isa = PBXBuildFile; fileRef = 268C8F821CDD9E2200E18796 /* KWFriendTrendsViewController.xib */; };
		268C8F871CDD9FC800E18796 /* KWRecommendViewController.m in Sources */ = {isa = PBXBuildFile; fileRef = 268C8F851CDD9FC800E18796 /* KWRecommendViewController.m */; };
		268C8F881CDD9FC800E18796 /* KWRecommendViewController.xib in Resources */ = {isa = PBXBuildFile; fileRef = 268C8F861CDD9FC800E18796 /* KWRecommendViewController.xib */; };
		268C8F941CDDA04A00E18796 /* SVIndefiniteAnimatedView.m in Sources */ = {isa = PBXBuildFile; fileRef = 268C8F8B1CDDA04A00E18796 /* SVIndefiniteAnimatedView.m */; };
		268C8F951CDDA04A00E18796 /* SVProgressAnimatedView.m in Sources */ = {isa = PBXBuildFile; fileRef = 268C8F8D1CDDA04A00E18796 /* SVProgressAnimatedView.m */; };
		268C8F961CDDA04A00E18796 /* SVProgressHUD.bundle in Resources */ = {isa = PBXBuildFile; fileRef = 268C8F8F1CDDA04A00E18796 /* SVProgressHUD.bundle */; };
		268C8F971CDDA04A00E18796 /* SVProgressHUD.m in Sources */ = {isa = PBXBuildFile; fileRef = 268C8F911CDDA04A00E18796 /* SVProgressHUD.m */; };
		268C8F981CDDA04A00E18796 /* SVRadialGradientLayer.m in Sources */ = {isa = PBXBuildFile; fileRef = 268C8F931CDDA04A00E18796 /* SVRadialGradientLayer.m */; };
		268CC4911CE7F02A009ED15E /* KWTopicPictureView.m in Sources */ = {isa = PBXBuildFile; fileRef = 268CC4901CE7F02A009ED15E /* KWTopicPictureView.m */; };
		268CC4931CE7F039009ED15E /* KWTopicPictureView.xib in Resources */ = {isa = PBXBuildFile; fileRef = 268CC4921CE7F039009ED15E /* KWTopicPictureView.xib */; };
		268E88561CDB8E8D00C629E5 /* main.m in Sources */ = {isa = PBXBuildFile; fileRef = 268E88551CDB8E8D00C629E5 /* main.m */; };
		268E88611CDB8E8D00C629E5 /* Assets.xcassets in Resources */ = {isa = PBXBuildFile; fileRef = 268E88601CDB8E8D00C629E5 /* Assets.xcassets */; };
		268E88641CDB8E8D00C629E5 /* LaunchScreen.storyboard in Resources */ = {isa = PBXBuildFile; fileRef = 268E88621CDB8E8D00C629E5 /* LaunchScreen.storyboard */; };
		268EE91B1CE14D8300F48E4D /* KWRecommendCategory.m in Sources */ = {isa = PBXBuildFile; fileRef = 268EE91A1CE14D8300F48E4D /* KWRecommendCategory.m */; };
		268EE91E1CE14D9800F48E4D /* KWRecommendUser.m in Sources */ = {isa = PBXBuildFile; fileRef = 268EE91D1CE14D9800F48E4D /* KWRecommendUser.m */; };
		268EE9221CE14DBB00F48E4D /* KWRecommendCategoryCell.m in Sources */ = {isa = PBXBuildFile; fileRef = 268EE9201CE14DBB00F48E4D /* KWRecommendCategoryCell.m */; };
		268EE9231CE14DBB00F48E4D /* KWRecommendCategoryCell.xib in Resources */ = {isa = PBXBuildFile; fileRef = 268EE9211CE14DBB00F48E4D /* KWRecommendCategoryCell.xib */; };
		268EE9271CE14DD500F48E4D /* KWRecommendUserCell.m in Sources */ = {isa = PBXBuildFile; fileRef = 268EE9251CE14DD500F48E4D /* KWRecommendUserCell.m */; };
		268EE9281CE14DD500F48E4D /* KWRecommendUserCell.xib in Resources */ = {isa = PBXBuildFile; fileRef = 268EE9261CE14DD500F48E4D /* KWRecommendUserCell.xib */; };
		268EE94B1CE14FA100F48E4D /* MKAnnotationView+WebCache.m in Sources */ = {isa = PBXBuildFile; fileRef = 268EE92B1CE14FA100F48E4D /* MKAnnotationView+WebCache.m */; };
		268EE94C1CE14FA100F48E4D /* NSData+ImageContentType.m in Sources */ = {isa = PBXBuildFile; fileRef = 268EE92D1CE14FA100F48E4D /* NSData+ImageContentType.m */; };
		268EE94D1CE14FA100F48E4D /* SDImageCache.m in Sources */ = {isa = PBXBuildFile; fileRef = 268EE92F1CE14FA100F48E4D /* SDImageCache.m */; };
		268EE94E1CE14FA100F48E4D /* SDWebImageCompat.m in Sources */ = {isa = PBXBuildFile; fileRef = 268EE9311CE14FA100F48E4D /* SDWebImageCompat.m */; };
		268EE94F1CE14FA100F48E4D /* SDWebImageDecoder.m in Sources */ = {isa = PBXBuildFile; fileRef = 268EE9331CE14FA100F48E4D /* SDWebImageDecoder.m */; };
		268EE9501CE14FA100F48E4D /* SDWebImageDownloader.m in Sources */ = {isa = PBXBuildFile; fileRef = 268EE9351CE14FA100F48E4D /* SDWebImageDownloader.m */; };
		268EE9511CE14FA100F48E4D /* SDWebImageDownloaderOperation.m in Sources */ = {isa = PBXBuildFile; fileRef = 268EE9371CE14FA100F48E4D /* SDWebImageDownloaderOperation.m */; };
		268EE9521CE14FA100F48E4D /* SDWebImageManager.m in Sources */ = {isa = PBXBuildFile; fileRef = 268EE9391CE14FA100F48E4D /* SDWebImageManager.m */; };
		268EE9531CE14FA100F48E4D /* SDWebImagePrefetcher.m in Sources */ = {isa = PBXBuildFile; fileRef = 268EE93C1CE14FA100F48E4D /* SDWebImagePrefetcher.m */; };
		268EE9541CE14FA100F48E4D /* UIButton+WebCache.m in Sources */ = {isa = PBXBuildFile; fileRef = 268EE93E1CE14FA100F48E4D /* UIButton+WebCache.m */; };
		268EE9551CE14FA100F48E4D /* UIImage+GIF.m in Sources */ = {isa = PBXBuildFile; fileRef = 268EE9401CE14FA100F48E4D /* UIImage+GIF.m */; };
		268EE9561CE14FA100F48E4D /* UIImage+MultiFormat.m in Sources */ = {isa = PBXBuildFile; fileRef = 268EE9421CE14FA100F48E4D /* UIImage+MultiFormat.m */; };
		268EE9571CE14FA100F48E4D /* UIImage+WebP.m in Sources */ = {isa = PBXBuildFile; fileRef = 268EE9441CE14FA100F48E4D /* UIImage+WebP.m */; };
		268EE9581CE14FA100F48E4D /* UIImageView+HighlightedWebCache.m in Sources */ = {isa = PBXBuildFile; fileRef = 268EE9461CE14FA100F48E4D /* UIImageView+HighlightedWebCache.m */; };
		268EE9591CE14FA100F48E4D /* UIImageView+WebCache.m in Sources */ = {isa = PBXBuildFile; fileRef = 268EE9481CE14FA100F48E4D /* UIImageView+WebCache.m */; };
		268EE95A1CE14FA100F48E4D /* UIView+WebCacheOperation.m in Sources */ = {isa = PBXBuildFile; fileRef = 268EE94A1CE14FA100F48E4D /* UIView+WebCacheOperation.m */; };
		268EE95D1CE156F300F48E4D /* KWRecommendTagViewController.m in Sources */ = {isa = PBXBuildFile; fileRef = 268EE95C1CE156F300F48E4D /* KWRecommendTagViewController.m */; };
		268EE9611CE158A800F48E4D /* KWRecommendTagCell.m in Sources */ = {isa = PBXBuildFile; fileRef = 268EE95F1CE158A800F48E4D /* KWRecommendTagCell.m */; };
		268EE9621CE158A800F48E4D /* KWRecommendTagCell.xib in Resources */ = {isa = PBXBuildFile; fileRef = 268EE9601CE158A800F48E4D /* KWRecommendTagCell.xib */; };
		268EE9651CE158C200F48E4D /* KWRecommendTag.m in Sources */ = {isa = PBXBuildFile; fileRef = 268EE9641CE158C200F48E4D /* KWRecommendTag.m */; };
		2697B4FE1CE2A561005689B6 /* KWPushGuideView.m in Sources */ = {isa = PBXBuildFile; fileRef = 2697B4FC1CE2A561005689B6 /* KWPushGuideView.m */; };
		2697B4FF1CE2A561005689B6 /* KWPushGuideView.xib in Resources */ = {isa = PBXBuildFile; fileRef = 2697B4FD1CE2A561005689B6 /* KWPushGuideView.xib */; };
		269BD2B51CE3F9D100B060CE /* KWTopics.m in Sources */ = {isa = PBXBuildFile; fileRef = 269BD2B41CE3F9D100B060CE /* KWTopics.m */; };
		269BD2B81CE3FB1A00B060CE /* KWConst.m in Sources */ = {isa = PBXBuildFile; fileRef = 269BD2B71CE3FB1A00B060CE /* KWConst.m */; };
		269BD2BC1CE405CE00B060CE /* KWTopicsCell.m in Sources */ = {isa = PBXBuildFile; fileRef = 269BD2BA1CE405CE00B060CE /* KWTopicsCell.m */; };
		269BD2BD1CE405CE00B060CE /* KWTopicsCell.xib in Resources */ = {isa = PBXBuildFile; fileRef = 269BD2BB1CE405CE00B060CE /* KWTopicsCell.xib */; };
		26A18EA31CEAC05D006F333C /* KWPublishViewController.m in Sources */ = {isa = PBXBuildFile; fileRef = 26A18EA11CEAC05D006F333C /* KWPublishViewController.m */; };
		26A18EA41CEAC05D006F333C /* KWPublishViewController.xib in Resources */ = {isa = PBXBuildFile; fileRef = 26A18EA21CEAC05D006F333C /* KWPublishViewController.xib */; };
		26A4173F1CE6969A006D6F56 /* NSDate+KWExtension.m in Sources */ = {isa = PBXBuildFile; fileRef = 26A4173E1CE6969A006D6F56 /* NSDate+KWExtension.m */; };
		26A417421CE6AECA006D6F56 /* KWTopicViewController.m in Sources */ = {isa = PBXBuildFile; fileRef = 26A417411CE6AECA006D6F56 /* KWTopicViewController.m */; };
		26F9777C1CEC1A77009DA910 /* KWTopicVoiceView.m in Sources */ = {isa = PBXBuildFile; fileRef = 26F9777B1CEC1A77009DA910 /* KWTopicVoiceView.m */; };
		26F9777E1CEC1A8A009DA910 /* KWTopicVoiceView.xib in Resources */ = {isa = PBXBuildFile; fileRef = 26F9777D1CEC1A8A009DA910 /* KWTopicVoiceView.xib */; };
		26F977811CEC215D009DA910 /* KWTopicVideoView.m in Sources */ = {isa = PBXBuildFile; fileRef = 26F977801CEC215D009DA910 /* KWTopicVideoView.m */; };
		26F977831CEC216C009DA910 /* KWTopicVideoView.xib in Resources */ = {isa = PBXBuildFile; fileRef = 26F977821CEC216C009DA910 /* KWTopicVideoView.xib */; };
/* End PBXBuildFile section */

/* Begin PBXFileReference section */
		14DBA33194D1B5DB3A9FD41A /* Pods.debug.xcconfig */ = {isa = PBXFileReference; includeInIndex = 1; lastKnownFileType = text.xcconfig; name = Pods.debug.xcconfig; path = "Pods/Target Support Files/Pods/Pods.debug.xcconfig"; sourceTree = "<group>"; };
		262011EF1CE99D9100F6E0DA /* DACircularProgressView.h */ = {isa = PBXFileReference; fileEncoding = 4; lastKnownFileType = sourcecode.c.h; path = DACircularProgressView.h; sourceTree = "<group>"; };
		262011F01CE99D9100F6E0DA /* DACircularProgressView.m */ = {isa = PBXFileReference; fileEncoding = 4; lastKnownFileType = sourcecode.c.objc; path = DACircularProgressView.m; sourceTree = "<group>"; };
		262011F11CE99D9100F6E0DA /* DALabeledCircularProgressView.h */ = {isa = PBXFileReference; fileEncoding = 4; lastKnownFileType = sourcecode.c.h; path = DALabeledCircularProgressView.h; sourceTree = "<group>"; };
		262011F21CE99D9100F6E0DA /* DALabeledCircularProgressView.m */ = {isa = PBXFileReference; fileEncoding = 4; lastKnownFileType = sourcecode.c.objc; path = DALabeledCircularProgressView.m; sourceTree = "<group>"; };
		262011F61CE99DE300F6E0DA /* KWProgressView.h */ = {isa = PBXFileReference; fileEncoding = 4; lastKnownFileType = sourcecode.c.h; path = KWProgressView.h; sourceTree = "<group>"; };
		262011F71CE99DE300F6E0DA /* KWProgressView.m */ = {isa = PBXFileReference; fileEncoding = 4; lastKnownFileType = sourcecode.c.objc; path = KWProgressView.m; sourceTree = "<group>"; };
		262011F91CE9A6C200F6E0DA /* KWShowPictureViewController.h */ = {isa = PBXFileReference; fileEncoding = 4; lastKnownFileType = sourcecode.c.h; path = KWShowPictureViewController.h; sourceTree = "<group>"; };
		262011FA1CE9A6C200F6E0DA /* KWShowPictureViewController.m */ = {isa = PBXFileReference; fileEncoding = 4; lastKnownFileType = sourcecode.c.objc; path = KWShowPictureViewController.m; sourceTree = "<group>"; };
		262011FB1CE9A6C200F6E0DA /* KWShowPictureViewController.xib */ = {isa = PBXFileReference; fileEncoding = 4; lastKnownFileType = file.xib; path = KWShowPictureViewController.xib; sourceTree = "<group>"; };
		268906F21CE1D6A100D4E518 /* KWLoginRegisterViewController.h */ = {isa = PBXFileReference; fileEncoding = 4; lastKnownFileType = sourcecode.c.h; path = KWLoginRegisterViewController.h; sourceTree = "<group>"; };
		268906F31CE1D6A100D4E518 /* KWLoginRegisterViewController.m */ = {isa = PBXFileReference; fileEncoding = 4; lastKnownFileType = sourcecode.c.objc; path = KWLoginRegisterViewController.m; sourceTree = "<group>"; };
		268906F41CE1D6A100D4E518 /* KWLoginRegisterViewController.xib */ = {isa = PBXFileReference; fileEncoding = 4; lastKnownFileType = file.xib; path = KWLoginRegisterViewController.xib; sourceTree = "<group>"; };
		268906F71CE1DF7E00D4E518 /* KWVerticalButton.h */ = {isa = PBXFileReference; fileEncoding = 4; lastKnownFileType = sourcecode.c.h; path = KWVerticalButton.h; sourceTree = "<group>"; };
		268906F81CE1DF7E00D4E518 /* KWVerticalButton.m */ = {isa = PBXFileReference; fileEncoding = 4; lastKnownFileType = sourcecode.c.objc; path = KWVerticalButton.m; sourceTree = "<group>"; };
		268906FA1CE206C800D4E518 /* KWTextField.h */ = {isa = PBXFileReference; fileEncoding = 4; lastKnownFileType = sourcecode.c.h; path = KWTextField.h; sourceTree = "<group>"; };
		268906FB1CE206C800D4E518 /* KWTextField.m */ = {isa = PBXFileReference; fileEncoding = 4; lastKnownFileType = sourcecode.c.objc; path = KWTextField.m; sourceTree = "<group>"; };
		268C8ED71CDD999B00E18796 /* KWEssenceViewController.h */ = {isa = PBXFileReference; fileEncoding = 4; lastKnownFileType = sourcecode.c.h; path = KWEssenceViewController.h; sourceTree = "<group>"; };
		268C8ED81CDD999B00E18796 /* KWEssenceViewController.m */ = {isa = PBXFileReference; fileEncoding = 4; lastKnownFileType = sourcecode.c.objc; path = KWEssenceViewController.m; sourceTree = "<group>"; };
		268C8EDD1CDD999B00E18796 /* KWFriendTrendsViewController.h */ = {isa = PBXFileReference; fileEncoding = 4; lastKnownFileType = sourcecode.c.h; path = KWFriendTrendsViewController.h; sourceTree = "<group>"; };
		268C8EDE1CDD999B00E18796 /* KWFriendTrendsViewController.m */ = {isa = PBXFileReference; fileEncoding = 4; lastKnownFileType = sourcecode.c.objc; path = KWFriendTrendsViewController.m; sourceTree = "<group>"; };
		268C8EE31CDD999B00E18796 /* KWNavigationController.h */ = {isa = PBXFileReference; fileEncoding = 4; lastKnownFileType = sourcecode.c.h; path = KWNavigationController.h; sourceTree = "<group>"; };
		268C8EE41CDD999B00E18796 /* KWNavigationController.m */ = {isa = PBXFileReference; fileEncoding = 4; lastKnownFileType = sourcecode.c.objc; path = KWNavigationController.m; sourceTree = "<group>"; };
		268C8EE51CDD999B00E18796 /* KWTabBarController.h */ = {isa = PBXFileReference; fileEncoding = 4; lastKnownFileType = sourcecode.c.h; path = KWTabBarController.h; sourceTree = "<group>"; };
		268C8EE61CDD999B00E18796 /* KWTabBarController.m */ = {isa = PBXFileReference; fileEncoding = 4; lastKnownFileType = sourcecode.c.objc; path = KWTabBarController.m; sourceTree = "<group>"; };
		268C8EE81CDD999B00E18796 /* PrefixHeader.pch */ = {isa = PBXFileReference; fileEncoding = 4; lastKnownFileType = sourcecode.c.h; name = PrefixHeader.pch; path = "../Main(主要)/PrefixHeader.pch"; sourceTree = "<group>"; };
		268C8EEA1CDD999B00E18796 /* KWTabBar.h */ = {isa = PBXFileReference; fileEncoding = 4; lastKnownFileType = sourcecode.c.h; path = KWTabBar.h; sourceTree = "<group>"; };
		268C8EEB1CDD999B00E18796 /* KWTabBar.m */ = {isa = PBXFileReference; fileEncoding = 4; lastKnownFileType = sourcecode.c.objc; path = KWTabBar.m; sourceTree = "<group>"; };
		268C8EEE1CDD999B00E18796 /* KWMeViewController.h */ = {isa = PBXFileReference; fileEncoding = 4; lastKnownFileType = sourcecode.c.h; path = KWMeViewController.h; sourceTree = "<group>"; };
		268C8EEF1CDD999B00E18796 /* KWMeViewController.m */ = {isa = PBXFileReference; fileEncoding = 4; lastKnownFileType = sourcecode.c.objc; path = KWMeViewController.m; sourceTree = "<group>"; };
		268C8EF41CDD999B00E18796 /* KWNewViewController.h */ = {isa = PBXFileReference; fileEncoding = 4; lastKnownFileType = sourcecode.c.h; path = KWNewViewController.h; sourceTree = "<group>"; };
		268C8EF51CDD999B00E18796 /* KWNewViewController.m */ = {isa = PBXFileReference; fileEncoding = 4; lastKnownFileType = sourcecode.c.objc; path = KWNewViewController.m; sourceTree = "<group>"; };
		268C8EF91CDD999B00E18796 /* AppDelegate.h */ = {isa = PBXFileReference; fileEncoding = 4; lastKnownFileType = sourcecode.c.h; path = AppDelegate.h; sourceTree = "<group>"; };
		268C8EFA1CDD999B00E18796 /* AppDelegate.m */ = {isa = PBXFileReference; fileEncoding = 4; lastKnownFileType = sourcecode.c.objc; path = AppDelegate.m; sourceTree = "<group>"; };
		268C8EFC1CDD999B00E18796 /* UIBarButtonItem+KWExtension.h */ = {isa = PBXFileReference; fileEncoding = 4; lastKnownFileType = sourcecode.c.h; path = "UIBarButtonItem+KWExtension.h"; sourceTree = "<group>"; };
		268C8EFD1CDD999B00E18796 /* UIBarButtonItem+KWExtension.m */ = {isa = PBXFileReference; fileEncoding = 4; lastKnownFileType = sourcecode.c.objc; path = "UIBarButtonItem+KWExtension.m"; sourceTree = "<group>"; };
		268C8EFE1CDD999B00E18796 /* UIImage+KWExtension.h */ = {isa = PBXFileReference; fileEncoding = 4; lastKnownFileType = sourcecode.c.h; path = "UIImage+KWExtension.h"; sourceTree = "<group>"; };
		268C8EFF1CDD999B00E18796 /* UIImage+KWExtension.m */ = {isa = PBXFileReference; fileEncoding = 4; lastKnownFileType = sourcecode.c.objc; path = "UIImage+KWExtension.m"; sourceTree = "<group>"; };
		268C8F001CDD999B00E18796 /* UIView+XMGExtension.h */ = {isa = PBXFileReference; fileEncoding = 4; lastKnownFileType = sourcecode.c.h; path = "UIView+XMGExtension.h"; sourceTree = "<group>"; };
		268C8F011CDD999B00E18796 /* UIView+XMGExtension.m */ = {isa = PBXFileReference; fileEncoding = 4; lastKnownFileType = sourcecode.c.objc; path = "UIView+XMGExtension.m"; sourceTree = "<group>"; };
		268C8F041CDD999B00E18796 /* AFHTTPSessionManager.h */ = {isa = PBXFileReference; fileEncoding = 4; lastKnownFileType = sourcecode.c.h; path = AFHTTPSessionManager.h; sourceTree = "<group>"; };
		268C8F051CDD999B00E18796 /* AFHTTPSessionManager.m */ = {isa = PBXFileReference; fileEncoding = 4; lastKnownFileType = sourcecode.c.objc; path = AFHTTPSessionManager.m; sourceTree = "<group>"; };
		268C8F061CDD999B00E18796 /* AFNetworking.h */ = {isa = PBXFileReference; fileEncoding = 4; lastKnownFileType = sourcecode.c.h; path = AFNetworking.h; sourceTree = "<group>"; };
		268C8F071CDD999B00E18796 /* AFNetworkReachabilityManager.h */ = {isa = PBXFileReference; fileEncoding = 4; lastKnownFileType = sourcecode.c.h; path = AFNetworkReachabilityManager.h; sourceTree = "<group>"; };
		268C8F081CDD999B00E18796 /* AFNetworkReachabilityManager.m */ = {isa = PBXFileReference; fileEncoding = 4; lastKnownFileType = sourcecode.c.objc; path = AFNetworkReachabilityManager.m; sourceTree = "<group>"; };
		268C8F091CDD999B00E18796 /* AFSecurityPolicy.h */ = {isa = PBXFileReference; fileEncoding = 4; lastKnownFileType = sourcecode.c.h; path = AFSecurityPolicy.h; sourceTree = "<group>"; };
		268C8F0A1CDD999B00E18796 /* AFSecurityPolicy.m */ = {isa = PBXFileReference; fileEncoding = 4; lastKnownFileType = sourcecode.c.objc; path = AFSecurityPolicy.m; sourceTree = "<group>"; };
		268C8F0B1CDD999B00E18796 /* AFURLRequestSerialization.h */ = {isa = PBXFileReference; fileEncoding = 4; lastKnownFileType = sourcecode.c.h; path = AFURLRequestSerialization.h; sourceTree = "<group>"; };
		268C8F0C1CDD999B00E18796 /* AFURLRequestSerialization.m */ = {isa = PBXFileReference; fileEncoding = 4; lastKnownFileType = sourcecode.c.objc; path = AFURLRequestSerialization.m; sourceTree = "<group>"; };
		268C8F0D1CDD999B00E18796 /* AFURLResponseSerialization.h */ = {isa = PBXFileReference; fileEncoding = 4; lastKnownFileType = sourcecode.c.h; path = AFURLResponseSerialization.h; sourceTree = "<group>"; };
		268C8F0E1CDD999B00E18796 /* AFURLResponseSerialization.m */ = {isa = PBXFileReference; fileEncoding = 4; lastKnownFileType = sourcecode.c.objc; path = AFURLResponseSerialization.m; sourceTree = "<group>"; };
		268C8F0F1CDD999B00E18796 /* AFURLSessionManager.h */ = {isa = PBXFileReference; fileEncoding = 4; lastKnownFileType = sourcecode.c.h; path = AFURLSessionManager.h; sourceTree = "<group>"; };
		268C8F101CDD999B00E18796 /* AFURLSessionManager.m */ = {isa = PBXFileReference; fileEncoding = 4; lastKnownFileType = sourcecode.c.objc; path = AFURLSessionManager.m; sourceTree = "<group>"; };
		268C8F121CDD999B00E18796 /* MJExtension.h */ = {isa = PBXFileReference; fileEncoding = 4; lastKnownFileType = sourcecode.c.h; path = MJExtension.h; sourceTree = "<group>"; };
		268C8F131CDD999B00E18796 /* MJExtensionConst.h */ = {isa = PBXFileReference; fileEncoding = 4; lastKnownFileType = sourcecode.c.h; path = MJExtensionConst.h; sourceTree = "<group>"; };
		268C8F141CDD999B00E18796 /* MJExtensionConst.m */ = {isa = PBXFileReference; fileEncoding = 4; lastKnownFileType = sourcecode.c.objc; path = MJExtensionConst.m; sourceTree = "<group>"; };
		268C8F151CDD999B00E18796 /* MJFoundation.h */ = {isa = PBXFileReference; fileEncoding = 4; lastKnownFileType = sourcecode.c.h; path = MJFoundation.h; sourceTree = "<group>"; };
		268C8F161CDD999B00E18796 /* MJFoundation.m */ = {isa = PBXFileReference; fileEncoding = 4; lastKnownFileType = sourcecode.c.objc; path = MJFoundation.m; sourceTree = "<group>"; };
		268C8F171CDD999B00E18796 /* MJProperty.h */ = {isa = PBXFileReference; fileEncoding = 4; lastKnownFileType = sourcecode.c.h; path = MJProperty.h; sourceTree = "<group>"; };
		268C8F181CDD999B00E18796 /* MJProperty.m */ = {isa = PBXFileReference; fileEncoding = 4; lastKnownFileType = sourcecode.c.objc; path = MJProperty.m; sourceTree = "<group>"; };
		268C8F191CDD999B00E18796 /* MJPropertyKey.h */ = {isa = PBXFileReference; fileEncoding = 4; lastKnownFileType = sourcecode.c.h; path = MJPropertyKey.h; sourceTree = "<group>"; };
		268C8F1A1CDD999B00E18796 /* MJPropertyKey.m */ = {isa = PBXFileReference; fileEncoding = 4; lastKnownFileType = sourcecode.c.objc; path = MJPropertyKey.m; sourceTree = "<group>"; };
		268C8F1B1CDD999B00E18796 /* MJPropertyType.h */ = {isa = PBXFileReference; fileEncoding = 4; lastKnownFileType = sourcecode.c.h; path = MJPropertyType.h; sourceTree = "<group>"; };
		268C8F1C1CDD999B00E18796 /* MJPropertyType.m */ = {isa = PBXFileReference; fileEncoding = 4; lastKnownFileType = sourcecode.c.objc; path = MJPropertyType.m; sourceTree = "<group>"; };
		268C8F1D1CDD999B00E18796 /* NSObject+MJClass.h */ = {isa = PBXFileReference; fileEncoding = 4; lastKnownFileType = sourcecode.c.h; path = "NSObject+MJClass.h"; sourceTree = "<group>"; };
		268C8F1E1CDD999B00E18796 /* NSObject+MJClass.m */ = {isa = PBXFileReference; fileEncoding = 4; lastKnownFileType = sourcecode.c.objc; path = "NSObject+MJClass.m"; sourceTree = "<group>"; };
		268C8F1F1CDD999B00E18796 /* NSObject+MJCoding.h */ = {isa = PBXFileReference; fileEncoding = 4; lastKnownFileType = sourcecode.c.h; path = "NSObject+MJCoding.h"; sourceTree = "<group>"; };
		268C8F201CDD999B00E18796 /* NSObject+MJCoding.m */ = {isa = PBXFileReference; fileEncoding = 4; lastKnownFileType = sourcecode.c.objc; path = "NSObject+MJCoding.m"; sourceTree = "<group>"; };
		268C8F211CDD999B00E18796 /* NSObject+MJKeyValue.h */ = {isa = PBXFileReference; fileEncoding = 4; lastKnownFileType = sourcecode.c.h; path = "NSObject+MJKeyValue.h"; sourceTree = "<group>"; };
		268C8F221CDD999B00E18796 /* NSObject+MJKeyValue.m */ = {isa = PBXFileReference; fileEncoding = 4; lastKnownFileType = sourcecode.c.objc; path = "NSObject+MJKeyValue.m"; sourceTree = "<group>"; };
		268C8F231CDD999B00E18796 /* NSObject+MJProperty.h */ = {isa = PBXFileReference; fileEncoding = 4; lastKnownFileType = sourcecode.c.h; path = "NSObject+MJProperty.h"; sourceTree = "<group>"; };
		268C8F241CDD999B00E18796 /* NSObject+MJProperty.m */ = {isa = PBXFileReference; fileEncoding = 4; lastKnownFileType = sourcecode.c.objc; path = "NSObject+MJProperty.m"; sourceTree = "<group>"; };
		268C8F251CDD999B00E18796 /* NSString+MJExtension.h */ = {isa = PBXFileReference; fileEncoding = 4; lastKnownFileType = sourcecode.c.h; path = "NSString+MJExtension.h"; sourceTree = "<group>"; };
		268C8F261CDD999B00E18796 /* NSString+MJExtension.m */ = {isa = PBXFileReference; fileEncoding = 4; lastKnownFileType = sourcecode.c.objc; path = "NSString+MJExtension.m"; sourceTree = "<group>"; };
		268C8F291CDD999B00E18796 /* MJRefreshAutoFooter.h */ = {isa = PBXFileReference; fileEncoding = 4; lastKnownFileType = sourcecode.c.h; path = MJRefreshAutoFooter.h; sourceTree = "<group>"; };
		268C8F2A1CDD999B00E18796 /* MJRefreshAutoFooter.m */ = {isa = PBXFileReference; fileEncoding = 4; lastKnownFileType = sourcecode.c.objc; path = MJRefreshAutoFooter.m; sourceTree = "<group>"; };
		268C8F2B1CDD999B00E18796 /* MJRefreshBackFooter.h */ = {isa = PBXFileReference; fileEncoding = 4; lastKnownFileType = sourcecode.c.h; path = MJRefreshBackFooter.h; sourceTree = "<group>"; };
		268C8F2C1CDD999B00E18796 /* MJRefreshBackFooter.m */ = {isa = PBXFileReference; fileEncoding = 4; lastKnownFileType = sourcecode.c.objc; path = MJRefreshBackFooter.m; sourceTree = "<group>"; };
		268C8F2D1CDD999B00E18796 /* MJRefreshComponent.h */ = {isa = PBXFileReference; fileEncoding = 4; lastKnownFileType = sourcecode.c.h; path = MJRefreshComponent.h; sourceTree = "<group>"; };
		268C8F2E1CDD999B00E18796 /* MJRefreshComponent.m */ = {isa = PBXFileReference; fileEncoding = 4; lastKnownFileType = sourcecode.c.objc; path = MJRefreshComponent.m; sourceTree = "<group>"; };
		268C8F2F1CDD999B00E18796 /* MJRefreshFooter.h */ = {isa = PBXFileReference; fileEncoding = 4; lastKnownFileType = sourcecode.c.h; path = MJRefreshFooter.h; sourceTree = "<group>"; };
		268C8F301CDD999B00E18796 /* MJRefreshFooter.m */ = {isa = PBXFileReference; fileEncoding = 4; lastKnownFileType = sourcecode.c.objc; path = MJRefreshFooter.m; sourceTree = "<group>"; };
		268C8F311CDD999B00E18796 /* MJRefreshHeader.h */ = {isa = PBXFileReference; fileEncoding = 4; lastKnownFileType = sourcecode.c.h; path = MJRefreshHeader.h; sourceTree = "<group>"; };
		268C8F321CDD999B00E18796 /* MJRefreshHeader.m */ = {isa = PBXFileReference; fileEncoding = 4; lastKnownFileType = sourcecode.c.objc; path = MJRefreshHeader.m; sourceTree = "<group>"; };
		268C8F361CDD999B00E18796 /* MJRefreshAutoGifFooter.h */ = {isa = PBXFileReference; fileEncoding = 4; lastKnownFileType = sourcecode.c.h; path = MJRefreshAutoGifFooter.h; sourceTree = "<group>"; };
		268C8F371CDD999B00E18796 /* MJRefreshAutoGifFooter.m */ = {isa = PBXFileReference; fileEncoding = 4; lastKnownFileType = sourcecode.c.objc; path = MJRefreshAutoGifFooter.m; sourceTree = "<group>"; };
		268C8F381CDD999B00E18796 /* MJRefreshAutoNormalFooter.h */ = {isa = PBXFileReference; fileEncoding = 4; lastKnownFileType = sourcecode.c.h; path = MJRefreshAutoNormalFooter.h; sourceTree = "<group>"; };
		268C8F391CDD999B00E18796 /* MJRefreshAutoNormalFooter.m */ = {isa = PBXFileReference; fileEncoding = 4; lastKnownFileType = sourcecode.c.objc; path = MJRefreshAutoNormalFooter.m; sourceTree = "<group>"; };
		268C8F3A1CDD999B00E18796 /* MJRefreshAutoStateFooter.h */ = {isa = PBXFileReference; fileEncoding = 4; lastKnownFileType = sourcecode.c.h; path = MJRefreshAutoStateFooter.h; sourceTree = "<group>"; };
		268C8F3B1CDD999B00E18796 /* MJRefreshAutoStateFooter.m */ = {isa = PBXFileReference; fileEncoding = 4; lastKnownFileType = sourcecode.c.objc; path = MJRefreshAutoStateFooter.m; sourceTree = "<group>"; };
		268C8F3D1CDD999B00E18796 /* MJRefreshBackGifFooter.h */ = {isa = PBXFileReference; fileEncoding = 4; lastKnownFileType = sourcecode.c.h; path = MJRefreshBackGifFooter.h; sourceTree = "<group>"; };
		268C8F3E1CDD999B00E18796 /* MJRefreshBackGifFooter.m */ = {isa = PBXFileReference; fileEncoding = 4; lastKnownFileType = sourcecode.c.objc; path = MJRefreshBackGifFooter.m; sourceTree = "<group>"; };
		268C8F3F1CDD999B00E18796 /* MJRefreshBackNormalFooter.h */ = {isa = PBXFileReference; fileEncoding = 4; lastKnownFileType = sourcecode.c.h; path = MJRefreshBackNormalFooter.h; sourceTree = "<group>"; };
		268C8F401CDD999B00E18796 /* MJRefreshBackNormalFooter.m */ = {isa = PBXFileReference; fileEncoding = 4; lastKnownFileType = sourcecode.c.objc; path = MJRefreshBackNormalFooter.m; sourceTree = "<group>"; };
		268C8F411CDD999B00E18796 /* MJRefreshBackStateFooter.h */ = {isa = PBXFileReference; fileEncoding = 4; lastKnownFileType = sourcecode.c.h; path = MJRefreshBackStateFooter.h; sourceTree = "<group>"; };
		268C8F421CDD999B00E18796 /* MJRefreshBackStateFooter.m */ = {isa = PBXFileReference; fileEncoding = 4; lastKnownFileType = sourcecode.c.objc; path = MJRefreshBackStateFooter.m; sourceTree = "<group>"; };
		268C8F441CDD999B00E18796 /* MJRefreshGifHeader.h */ = {isa = PBXFileReference; fileEncoding = 4; lastKnownFileType = sourcecode.c.h; path = MJRefreshGifHeader.h; sourceTree = "<group>"; };
		268C8F451CDD999B00E18796 /* MJRefreshGifHeader.m */ = {isa = PBXFileReference; fileEncoding = 4; lastKnownFileType = sourcecode.c.objc; path = MJRefreshGifHeader.m; sourceTree = "<group>"; };
		268C8F461CDD999B00E18796 /* MJRefreshNormalHeader.h */ = {isa = PBXFileReference; fileEncoding = 4; lastKnownFileType = sourcecode.c.h; path = MJRefreshNormalHeader.h; sourceTree = "<group>"; };
		268C8F471CDD999B00E18796 /* MJRefreshNormalHeader.m */ = {isa = PBXFileReference; fileEncoding = 4; lastKnownFileType = sourcecode.c.objc; path = MJRefreshNormalHeader.m; sourceTree = "<group>"; };
		268C8F481CDD999B00E18796 /* MJRefreshStateHeader.h */ = {isa = PBXFileReference; fileEncoding = 4; lastKnownFileType = sourcecode.c.h; path = MJRefreshStateHeader.h; sourceTree = "<group>"; };
		268C8F491CDD999B00E18796 /* MJRefreshStateHeader.m */ = {isa = PBXFileReference; fileEncoding = 4; lastKnownFileType = sourcecode.c.objc; path = MJRefreshStateHeader.m; sourceTree = "<group>"; };
		268C8F4A1CDD999B00E18796 /* MJRefresh.bundle */ = {isa = PBXFileReference; lastKnownFileType = "wrapper.plug-in"; path = MJRefresh.bundle; sourceTree = "<group>"; };
		268C8F4B1CDD999B00E18796 /* MJRefresh.h */ = {isa = PBXFileReference; fileEncoding = 4; lastKnownFileType = sourcecode.c.h; path = MJRefresh.h; sourceTree = "<group>"; };
		268C8F4C1CDD999B00E18796 /* MJRefreshConst.h */ = {isa = PBXFileReference; fileEncoding = 4; lastKnownFileType = sourcecode.c.h; path = MJRefreshConst.h; sourceTree = "<group>"; };
		268C8F4D1CDD999B00E18796 /* MJRefreshConst.m */ = {isa = PBXFileReference; fileEncoding = 4; lastKnownFileType = sourcecode.c.objc; path = MJRefreshConst.m; sourceTree = "<group>"; };
		268C8F4E1CDD999B00E18796 /* UIScrollView+MJExtension.h */ = {isa = PBXFileReference; fileEncoding = 4; lastKnownFileType = sourcecode.c.h; path = "UIScrollView+MJExtension.h"; sourceTree = "<group>"; };
		268C8F4F1CDD999B00E18796 /* UIScrollView+MJExtension.m */ = {isa = PBXFileReference; fileEncoding = 4; lastKnownFileType = sourcecode.c.objc; path = "UIScrollView+MJExtension.m"; sourceTree = "<group>"; };
		268C8F501CDD999B00E18796 /* UIScrollView+MJRefresh.h */ = {isa = PBXFileReference; fileEncoding = 4; lastKnownFileType = sourcecode.c.h; path = "UIScrollView+MJRefresh.h"; sourceTree = "<group>"; };
		268C8F511CDD999B00E18796 /* UIScrollView+MJRefresh.m */ = {isa = PBXFileReference; fileEncoding = 4; lastKnownFileType = sourcecode.c.objc; path = "UIScrollView+MJRefresh.m"; sourceTree = "<group>"; };
		268C8F521CDD999B00E18796 /* UIView+MJExtension.h */ = {isa = PBXFileReference; fileEncoding = 4; lastKnownFileType = sourcecode.c.h; path = "UIView+MJExtension.h"; sourceTree = "<group>"; };
		268C8F531CDD999B00E18796 /* UIView+MJExtension.m */ = {isa = PBXFileReference; fileEncoding = 4; lastKnownFileType = sourcecode.c.objc; path = "UIView+MJExtension.m"; sourceTree = "<group>"; };
		268C8F821CDD9E2200E18796 /* KWFriendTrendsViewController.xib */ = {isa = PBXFileReference; fileEncoding = 4; lastKnownFileType = file.xib; path = KWFriendTrendsViewController.xib; sourceTree = "<group>"; };
		268C8F841CDD9FC800E18796 /* KWRecommendViewController.h */ = {isa = PBXFileReference; fileEncoding = 4; lastKnownFileType = sourcecode.c.h; path = KWRecommendViewController.h; sourceTree = "<group>"; };
		268C8F851CDD9FC800E18796 /* KWRecommendViewController.m */ = {isa = PBXFileReference; fileEncoding = 4; lastKnownFileType = sourcecode.c.objc; path = KWRecommendViewController.m; sourceTree = "<group>"; };
		268C8F861CDD9FC800E18796 /* KWRecommendViewController.xib */ = {isa = PBXFileReference; fileEncoding = 4; lastKnownFileType = file.xib; path = KWRecommendViewController.xib; sourceTree = "<group>"; };
		268C8F8A1CDDA04A00E18796 /* SVIndefiniteAnimatedView.h */ = {isa = PBXFileReference; fileEncoding = 4; lastKnownFileType = sourcecode.c.h; path = SVIndefiniteAnimatedView.h; sourceTree = "<group>"; };
		268C8F8B1CDDA04A00E18796 /* SVIndefiniteAnimatedView.m */ = {isa = PBXFileReference; fileEncoding = 4; lastKnownFileType = sourcecode.c.objc; path = SVIndefiniteAnimatedView.m; sourceTree = "<group>"; };
		268C8F8C1CDDA04A00E18796 /* SVProgressAnimatedView.h */ = {isa = PBXFileReference; fileEncoding = 4; lastKnownFileType = sourcecode.c.h; path = SVProgressAnimatedView.h; sourceTree = "<group>"; };
		268C8F8D1CDDA04A00E18796 /* SVProgressAnimatedView.m */ = {isa = PBXFileReference; fileEncoding = 4; lastKnownFileType = sourcecode.c.objc; path = SVProgressAnimatedView.m; sourceTree = "<group>"; };
		268C8F8E1CDDA04A00E18796 /* SVProgressHUD-Prefix.pch */ = {isa = PBXFileReference; fileEncoding = 4; lastKnownFileType = sourcecode.c.h; path = "SVProgressHUD-Prefix.pch"; sourceTree = "<group>"; };
		268C8F8F1CDDA04A00E18796 /* SVProgressHUD.bundle */ = {isa = PBXFileReference; lastKnownFileType = "wrapper.plug-in"; path = SVProgressHUD.bundle; sourceTree = "<group>"; };
		268C8F901CDDA04A00E18796 /* SVProgressHUD.h */ = {isa = PBXFileReference; fileEncoding = 4; lastKnownFileType = sourcecode.c.h; path = SVProgressHUD.h; sourceTree = "<group>"; };
		268C8F911CDDA04A00E18796 /* SVProgressHUD.m */ = {isa = PBXFileReference; fileEncoding = 4; lastKnownFileType = sourcecode.c.objc; path = SVProgressHUD.m; sourceTree = "<group>"; };
		268C8F921CDDA04A00E18796 /* SVRadialGradientLayer.h */ = {isa = PBXFileReference; fileEncoding = 4; lastKnownFileType = sourcecode.c.h; path = SVRadialGradientLayer.h; sourceTree = "<group>"; };
		268C8F931CDDA04A00E18796 /* SVRadialGradientLayer.m */ = {isa = PBXFileReference; fileEncoding = 4; lastKnownFileType = sourcecode.c.objc; path = SVRadialGradientLayer.m; sourceTree = "<group>"; };
		268CC48F1CE7F02A009ED15E /* KWTopicPictureView.h */ = {isa = PBXFileReference; fileEncoding = 4; lastKnownFileType = sourcecode.c.h; path = KWTopicPictureView.h; sourceTree = "<group>"; };
		268CC4901CE7F02A009ED15E /* KWTopicPictureView.m */ = {isa = PBXFileReference; fileEncoding = 4; lastKnownFileType = sourcecode.c.objc; path = KWTopicPictureView.m; sourceTree = "<group>"; };
		268CC4921CE7F039009ED15E /* KWTopicPictureView.xib */ = {isa = PBXFileReference; fileEncoding = 4; lastKnownFileType = file.xib; path = KWTopicPictureView.xib; sourceTree = "<group>"; };
		268E88511CDB8E8D00C629E5 /* 百思不得姐.app */ = {isa = PBXFileReference; explicitFileType = wrapper.application; includeInIndex = 0; path = "百思不得姐.app"; sourceTree = BUILT_PRODUCTS_DIR; };
		268E88551CDB8E8D00C629E5 /* main.m */ = {isa = PBXFileReference; lastKnownFileType = sourcecode.c.objc; path = main.m; sourceTree = "<group>"; };
		268E88601CDB8E8D00C629E5 /* Assets.xcassets */ = {isa = PBXFileReference; lastKnownFileType = folder.assetcatalog; path = Assets.xcassets; sourceTree = "<group>"; };
		268E88631CDB8E8D00C629E5 /* Base */ = {isa = PBXFileReference; lastKnownFileType = file.storyboard; name = Base; path = Base.lproj/LaunchScreen.storyboard; sourceTree = "<group>"; };
		268E88651CDB8E8D00C629E5 /* Info.plist */ = {isa = PBXFileReference; lastKnownFileType = text.plist.xml; path = Info.plist; sourceTree = "<group>"; };
		268EE9191CE14D8300F48E4D /* KWRecommendCategory.h */ = {isa = PBXFileReference; fileEncoding = 4; lastKnownFileType = sourcecode.c.h; path = KWRecommendCategory.h; sourceTree = "<group>"; };
		268EE91A1CE14D8300F48E4D /* KWRecommendCategory.m */ = {isa = PBXFileReference; fileEncoding = 4; lastKnownFileType = sourcecode.c.objc; path = KWRecommendCategory.m; sourceTree = "<group>"; };
		268EE91C1CE14D9800F48E4D /* KWRecommendUser.h */ = {isa = PBXFileReference; fileEncoding = 4; lastKnownFileType = sourcecode.c.h; path = KWRecommendUser.h; sourceTree = "<group>"; };
		268EE91D1CE14D9800F48E4D /* KWRecommendUser.m */ = {isa = PBXFileReference; fileEncoding = 4; lastKnownFileType = sourcecode.c.objc; path = KWRecommendUser.m; sourceTree = "<group>"; };
		268EE91F1CE14DBB00F48E4D /* KWRecommendCategoryCell.h */ = {isa = PBXFileReference; fileEncoding = 4; lastKnownFileType = sourcecode.c.h; path = KWRecommendCategoryCell.h; sourceTree = "<group>"; };
		268EE9201CE14DBB00F48E4D /* KWRecommendCategoryCell.m */ = {isa = PBXFileReference; fileEncoding = 4; lastKnownFileType = sourcecode.c.objc; path = KWRecommendCategoryCell.m; sourceTree = "<group>"; };
		268EE9211CE14DBB00F48E4D /* KWRecommendCategoryCell.xib */ = {isa = PBXFileReference; fileEncoding = 4; lastKnownFileType = file.xib; path = KWRecommendCategoryCell.xib; sourceTree = "<group>"; };
		268EE9241CE14DD500F48E4D /* KWRecommendUserCell.h */ = {isa = PBXFileReference; fileEncoding = 4; lastKnownFileType = sourcecode.c.h; path = KWRecommendUserCell.h; sourceTree = "<group>"; };
		268EE9251CE14DD500F48E4D /* KWRecommendUserCell.m */ = {isa = PBXFileReference; fileEncoding = 4; lastKnownFileType = sourcecode.c.objc; path = KWRecommendUserCell.m; sourceTree = "<group>"; };
		268EE9261CE14DD500F48E4D /* KWRecommendUserCell.xib */ = {isa = PBXFileReference; fileEncoding = 4; lastKnownFileType = file.xib; path = KWRecommendUserCell.xib; sourceTree = "<group>"; };
		268EE92A1CE14FA100F48E4D /* MKAnnotationView+WebCache.h */ = {isa = PBXFileReference; fileEncoding = 4; lastKnownFileType = sourcecode.c.h; path = "MKAnnotationView+WebCache.h"; sourceTree = "<group>"; };
		268EE92B1CE14FA100F48E4D /* MKAnnotationView+WebCache.m */ = {isa = PBXFileReference; fileEncoding = 4; lastKnownFileType = sourcecode.c.objc; path = "MKAnnotationView+WebCache.m"; sourceTree = "<group>"; };
		268EE92C1CE14FA100F48E4D /* NSData+ImageContentType.h */ = {isa = PBXFileReference; fileEncoding = 4; lastKnownFileType = sourcecode.c.h; path = "NSData+ImageContentType.h"; sourceTree = "<group>"; };
		268EE92D1CE14FA100F48E4D /* NSData+ImageContentType.m */ = {isa = PBXFileReference; fileEncoding = 4; lastKnownFileType = sourcecode.c.objc; path = "NSData+ImageContentType.m"; sourceTree = "<group>"; };
		268EE92E1CE14FA100F48E4D /* SDImageCache.h */ = {isa = PBXFileReference; fileEncoding = 4; lastKnownFileType = sourcecode.c.h; path = SDImageCache.h; sourceTree = "<group>"; };
		268EE92F1CE14FA100F48E4D /* SDImageCache.m */ = {isa = PBXFileReference; fileEncoding = 4; lastKnownFileType = sourcecode.c.objc; path = SDImageCache.m; sourceTree = "<group>"; };
		268EE9301CE14FA100F48E4D /* SDWebImageCompat.h */ = {isa = PBXFileReference; fileEncoding = 4; lastKnownFileType = sourcecode.c.h; path = SDWebImageCompat.h; sourceTree = "<group>"; };
		268EE9311CE14FA100F48E4D /* SDWebImageCompat.m */ = {isa = PBXFileReference; fileEncoding = 4; lastKnownFileType = sourcecode.c.objc; path = SDWebImageCompat.m; sourceTree = "<group>"; };
		268EE9321CE14FA100F48E4D /* SDWebImageDecoder.h */ = {isa = PBXFileReference; fileEncoding = 4; lastKnownFileType = sourcecode.c.h; path = SDWebImageDecoder.h; sourceTree = "<group>"; };
		268EE9331CE14FA100F48E4D /* SDWebImageDecoder.m */ = {isa = PBXFileReference; fileEncoding = 4; lastKnownFileType = sourcecode.c.objc; path = SDWebImageDecoder.m; sourceTree = "<group>"; };
		268EE9341CE14FA100F48E4D /* SDWebImageDownloader.h */ = {isa = PBXFileReference; fileEncoding = 4; lastKnownFileType = sourcecode.c.h; path = SDWebImageDownloader.h; sourceTree = "<group>"; };
		268EE9351CE14FA100F48E4D /* SDWebImageDownloader.m */ = {isa = PBXFileReference; fileEncoding = 4; lastKnownFileType = sourcecode.c.objc; path = SDWebImageDownloader.m; sourceTree = "<group>"; };
		268EE9361CE14FA100F48E4D /* SDWebImageDownloaderOperation.h */ = {isa = PBXFileReference; fileEncoding = 4; lastKnownFileType = sourcecode.c.h; path = SDWebImageDownloaderOperation.h; sourceTree = "<group>"; };
		268EE9371CE14FA100F48E4D /* SDWebImageDownloaderOperation.m */ = {isa = PBXFileReference; fileEncoding = 4; lastKnownFileType = sourcecode.c.objc; path = SDWebImageDownloaderOperation.m; sourceTree = "<group>"; };
		268EE9381CE14FA100F48E4D /* SDWebImageManager.h */ = {isa = PBXFileReference; fileEncoding = 4; lastKnownFileType = sourcecode.c.h; path = SDWebImageManager.h; sourceTree = "<group>"; };
		268EE9391CE14FA100F48E4D /* SDWebImageManager.m */ = {isa = PBXFileReference; fileEncoding = 4; lastKnownFileType = sourcecode.c.objc; path = SDWebImageManager.m; sourceTree = "<group>"; };
		268EE93A1CE14FA100F48E4D /* SDWebImageOperation.h */ = {isa = PBXFileReference; fileEncoding = 4; lastKnownFileType = sourcecode.c.h; path = SDWebImageOperation.h; sourceTree = "<group>"; };
		268EE93B1CE14FA100F48E4D /* SDWebImagePrefetcher.h */ = {isa = PBXFileReference; fileEncoding = 4; lastKnownFileType = sourcecode.c.h; path = SDWebImagePrefetcher.h; sourceTree = "<group>"; };
		268EE93C1CE14FA100F48E4D /* SDWebImagePrefetcher.m */ = {isa = PBXFileReference; fileEncoding = 4; lastKnownFileType = sourcecode.c.objc; path = SDWebImagePrefetcher.m; sourceTree = "<group>"; };
		268EE93D1CE14FA100F48E4D /* UIButton+WebCache.h */ = {isa = PBXFileReference; fileEncoding = 4; lastKnownFileType = sourcecode.c.h; path = "UIButton+WebCache.h"; sourceTree = "<group>"; };
		268EE93E1CE14FA100F48E4D /* UIButton+WebCache.m */ = {isa = PBXFileReference; fileEncoding = 4; lastKnownFileType = sourcecode.c.objc; path = "UIButton+WebCache.m"; sourceTree = "<group>"; };
		268EE93F1CE14FA100F48E4D /* UIImage+GIF.h */ = {isa = PBXFileReference; fileEncoding = 4; lastKnownFileType = sourcecode.c.h; path = "UIImage+GIF.h"; sourceTree = "<group>"; };
		268EE9401CE14FA100F48E4D /* UIImage+GIF.m */ = {isa = PBXFileReference; fileEncoding = 4; lastKnownFileType = sourcecode.c.objc; path = "UIImage+GIF.m"; sourceTree = "<group>"; };
		268EE9411CE14FA100F48E4D /* UIImage+MultiFormat.h */ = {isa = PBXFileReference; fileEncoding = 4; lastKnownFileType = sourcecode.c.h; path = "UIImage+MultiFormat.h"; sourceTree = "<group>"; };
		268EE9421CE14FA100F48E4D /* UIImage+MultiFormat.m */ = {isa = PBXFileReference; fileEncoding = 4; lastKnownFileType = sourcecode.c.objc; path = "UIImage+MultiFormat.m"; sourceTree = "<group>"; };
		268EE9431CE14FA100F48E4D /* UIImage+WebP.h */ = {isa = PBXFileReference; fileEncoding = 4; lastKnownFileType = sourcecode.c.h; path = "UIImage+WebP.h"; sourceTree = "<group>"; };
		268EE9441CE14FA100F48E4D /* UIImage+WebP.m */ = {isa = PBXFileReference; fileEncoding = 4; lastKnownFileType = sourcecode.c.objc; path = "UIImage+WebP.m"; sourceTree = "<group>"; };
		268EE9451CE14FA100F48E4D /* UIImageView+HighlightedWebCache.h */ = {isa = PBXFileReference; fileEncoding = 4; lastKnownFileType = sourcecode.c.h; path = "UIImageView+HighlightedWebCache.h"; sourceTree = "<group>"; };
		268EE9461CE14FA100F48E4D /* UIImageView+HighlightedWebCache.m */ = {isa = PBXFileReference; fileEncoding = 4; lastKnownFileType = sourcecode.c.objc; path = "UIImageView+HighlightedWebCache.m"; sourceTree = "<group>"; };
		268EE9471CE14FA100F48E4D /* UIImageView+WebCache.h */ = {isa = PBXFileReference; fileEncoding = 4; lastKnownFileType = sourcecode.c.h; path = "UIImageView+WebCache.h"; sourceTree = "<group>"; };
		268EE9481CE14FA100F48E4D /* UIImageView+WebCache.m */ = {isa = PBXFileReference; fileEncoding = 4; lastKnownFileType = sourcecode.c.objc; path = "UIImageView+WebCache.m"; sourceTree = "<group>"; };
		268EE9491CE14FA100F48E4D /* UIView+WebCacheOperation.h */ = {isa = PBXFileReference; fileEncoding = 4; lastKnownFileType = sourcecode.c.h; path = "UIView+WebCacheOperation.h"; sourceTree = "<group>"; };
		268EE94A1CE14FA100F48E4D /* UIView+WebCacheOperation.m */ = {isa = PBXFileReference; fileEncoding = 4; lastKnownFileType = sourcecode.c.objc; path = "UIView+WebCacheOperation.m"; sourceTree = "<group>"; };
		268EE95B1CE156F300F48E4D /* KWRecommendTagViewController.h */ = {isa = PBXFileReference; fileEncoding = 4; lastKnownFileType = sourcecode.c.h; path = KWRecommendTagViewController.h; sourceTree = "<group>"; };
		268EE95C1CE156F300F48E4D /* KWRecommendTagViewController.m */ = {isa = PBXFileReference; fileEncoding = 4; lastKnownFileType = sourcecode.c.objc; path = KWRecommendTagViewController.m; sourceTree = "<group>"; };
		268EE95E1CE158A800F48E4D /* KWRecommendTagCell.h */ = {isa = PBXFileReference; fileEncoding = 4; lastKnownFileType = sourcecode.c.h; path = KWRecommendTagCell.h; sourceTree = "<group>"; };
		268EE95F1CE158A800F48E4D /* KWRecommendTagCell.m */ = {isa = PBXFileReference; fileEncoding = 4; lastKnownFileType = sourcecode.c.objc; path = KWRecommendTagCell.m; sourceTree = "<group>"; };
		268EE9601CE158A800F48E4D /* KWRecommendTagCell.xib */ = {isa = PBXFileReference; fileEncoding = 4; lastKnownFileType = file.xib; path = KWRecommendTagCell.xib; sourceTree = "<group>"; };
		268EE9631CE158C200F48E4D /* KWRecommendTag.h */ = {isa = PBXFileReference; fileEncoding = 4; lastKnownFileType = sourcecode.c.h; path = KWRecommendTag.h; sourceTree = "<group>"; };
		268EE9641CE158C200F48E4D /* KWRecommendTag.m */ = {isa = PBXFileReference; fileEncoding = 4; lastKnownFileType = sourcecode.c.objc; path = KWRecommendTag.m; sourceTree = "<group>"; };
		2697B4FB1CE2A561005689B6 /* KWPushGuideView.h */ = {isa = PBXFileReference; fileEncoding = 4; lastKnownFileType = sourcecode.c.h; path = KWPushGuideView.h; sourceTree = "<group>"; };
		2697B4FC1CE2A561005689B6 /* KWPushGuideView.m */ = {isa = PBXFileReference; fileEncoding = 4; lastKnownFileType = sourcecode.c.objc; path = KWPushGuideView.m; sourceTree = "<group>"; };
		2697B4FD1CE2A561005689B6 /* KWPushGuideView.xib */ = {isa = PBXFileReference; fileEncoding = 4; lastKnownFileType = file.xib; path = KWPushGuideView.xib; sourceTree = "<group>"; };
		269BD2B31CE3F9D100B060CE /* KWTopics.h */ = {isa = PBXFileReference; fileEncoding = 4; lastKnownFileType = sourcecode.c.h; path = KWTopics.h; sourceTree = "<group>"; };
		269BD2B41CE3F9D100B060CE /* KWTopics.m */ = {isa = PBXFileReference; fileEncoding = 4; lastKnownFileType = sourcecode.c.objc; path = KWTopics.m; sourceTree = "<group>"; };
		269BD2B61CE3FB1A00B060CE /* KWConst.h */ = {isa = PBXFileReference; fileEncoding = 4; lastKnownFileType = sourcecode.c.h; path = KWConst.h; sourceTree = "<group>"; };
		269BD2B71CE3FB1A00B060CE /* KWConst.m */ = {isa = PBXFileReference; fileEncoding = 4; lastKnownFileType = sourcecode.c.objc; path = KWConst.m; sourceTree = "<group>"; };
		269BD2B91CE405CE00B060CE /* KWTopicsCell.h */ = {isa = PBXFileReference; fileEncoding = 4; lastKnownFileType = sourcecode.c.h; path = KWTopicsCell.h; sourceTree = "<group>"; };
		269BD2BA1CE405CE00B060CE /* KWTopicsCell.m */ = {isa = PBXFileReference; fileEncoding = 4; lastKnownFileType = sourcecode.c.objc; path = KWTopicsCell.m; sourceTree = "<group>"; };
		269BD2BB1CE405CE00B060CE /* KWTopicsCell.xib */ = {isa = PBXFileReference; fileEncoding = 4; lastKnownFileType = file.xib; path = KWTopicsCell.xib; sourceTree = "<group>"; };
		26A18EA01CEAC05D006F333C /* KWPublishViewController.h */ = {isa = PBXFileReference; fileEncoding = 4; lastKnownFileType = sourcecode.c.h; path = KWPublishViewController.h; sourceTree = "<group>"; };
		26A18EA11CEAC05D006F333C /* KWPublishViewController.m */ = {isa = PBXFileReference; fileEncoding = 4; lastKnownFileType = sourcecode.c.objc; path = KWPublishViewController.m; sourceTree = "<group>"; };
		26A18EA21CEAC05D006F333C /* KWPublishViewController.xib */ = {isa = PBXFileReference; fileEncoding = 4; lastKnownFileType = file.xib; path = KWPublishViewController.xib; sourceTree = "<group>"; };
		26A4173D1CE6969A006D6F56 /* NSDate+KWExtension.h */ = {isa = PBXFileReference; fileEncoding = 4; lastKnownFileType = sourcecode.c.h; path = "NSDate+KWExtension.h"; sourceTree = "<group>"; };
		26A4173E1CE6969A006D6F56 /* NSDate+KWExtension.m */ = {isa = PBXFileReference; fileEncoding = 4; lastKnownFileType = sourcecode.c.objc; path = "NSDate+KWExtension.m"; sourceTree = "<group>"; };
		26A417401CE6AECA006D6F56 /* KWTopicViewController.h */ = {isa = PBXFileReference; fileEncoding = 4; lastKnownFileType = sourcecode.c.h; path = KWTopicViewController.h; sourceTree = "<group>"; };
		26A417411CE6AECA006D6F56 /* KWTopicViewController.m */ = {isa = PBXFileReference; fileEncoding = 4; lastKnownFileType = sourcecode.c.objc; path = KWTopicViewController.m; sourceTree = "<group>"; };
		26F9777A1CEC1A77009DA910 /* KWTopicVoiceView.h */ = {isa = PBXFileReference; fileEncoding = 4; lastKnownFileType = sourcecode.c.h; path = KWTopicVoiceView.h; sourceTree = "<group>"; };
		26F9777B1CEC1A77009DA910 /* KWTopicVoiceView.m */ = {isa = PBXFileReference; fileEncoding = 4; lastKnownFileType = sourcecode.c.objc; path = KWTopicVoiceView.m; sourceTree = "<group>"; };
		26F9777D1CEC1A8A009DA910 /* KWTopicVoiceView.xib */ = {isa = PBXFileReference; fileEncoding = 4; lastKnownFileType = file.xib; path = KWTopicVoiceView.xib; sourceTree = "<group>"; };
		26F9777F1CEC215D009DA910 /* KWTopicVideoView.h */ = {isa = PBXFileReference; fileEncoding = 4; lastKnownFileType = sourcecode.c.h; path = KWTopicVideoView.h; sourceTree = "<group>"; };
		26F977801CEC215D009DA910 /* KWTopicVideoView.m */ = {isa = PBXFileReference; fileEncoding = 4; lastKnownFileType = sourcecode.c.objc; path = KWTopicVideoView.m; sourceTree = "<group>"; };
		26F977821CEC216C009DA910 /* KWTopicVideoView.xib */ = {isa = PBXFileReference; fileEncoding = 4; lastKnownFileType = file.xib; path = KWTopicVideoView.xib; sourceTree = "<group>"; };
		8929AEF67C89092D6AE235CE /* Pods.release.xcconfig */ = {isa = PBXFileReference; includeInIndex = 1; lastKnownFileType = text.xcconfig; name = Pods.release.xcconfig; path = "Pods/Target Support Files/Pods/Pods.release.xcconfig"; sourceTree = "<group>"; };
		A598FA92A0A9B0BEE84310DD /* libPods.a */ = {isa = PBXFileReference; explicitFileType = archive.ar; includeInIndex = 0; path = libPods.a; sourceTree = BUILT_PRODUCTS_DIR; };
/* End PBXFileReference section */

/* Begin PBXFrameworksBuildPhase section */
		268E884E1CDB8E8D00C629E5 /* Frameworks */ = {
			isa = PBXFrameworksBuildPhase;
			buildActionMask = 2147483647;
			files = (
				25140C77D6B58D3F25F91138 /* libPods.a in Frameworks */,
			);
			runOnlyForDeploymentPostprocessing = 0;
		};
/* End PBXFrameworksBuildPhase section */

/* Begin PBXGroup section */
		033A85D8F5A21B8D244A5A32 /* Frameworks */ = {
			isa = PBXGroup;
			children = (
				A598FA92A0A9B0BEE84310DD /* libPods.a */,
			);
			name = Frameworks;
			sourceTree = "<group>";
		};
		262011EE1CE99D9100F6E0DA /* DACircularProgress */ = {
			isa = PBXGroup;
			children = (
				262011EF1CE99D9100F6E0DA /* DACircularProgressView.h */,
				262011F01CE99D9100F6E0DA /* DACircularProgressView.m */,
				262011F11CE99D9100F6E0DA /* DALabeledCircularProgressView.h */,
				262011F21CE99D9100F6E0DA /* DALabeledCircularProgressView.m */,
			);
			path = DACircularProgress;
			sourceTree = "<group>";
		};
		262011F51CE99DA800F6E0DA /* 自定义进度条控件 */ = {
			isa = PBXGroup;
			children = (
				262011F61CE99DE300F6E0DA /* KWProgressView.h */,
				262011F71CE99DE300F6E0DA /* KWProgressView.m */,
			);
			name = "自定义进度条控件";
			sourceTree = "<group>";
		};
		268C8ED41CDD999B00E18796 /* Classes */ = {
			isa = PBXGroup;
			children = (
				268C8ED51CDD999B00E18796 /* Esscen(精华) */,
				268C8EDB1CDD999B00E18796 /* FriendTrends(关注) */,
				268C8EF21CDD999B00E18796 /* New(新帖) */,
				268C8EEC1CDD999B00E18796 /* Me(我) */,
				268C8EE11CDD999B00E18796 /* Main(主要) */,
				268C8EF81CDD999B00E18796 /* Other(其他) */,
			);
			path = Classes;
			sourceTree = "<group>";
		};
		268C8ED51CDD999B00E18796 /* Esscen(精华) */ = {
			isa = PBXGroup;
			children = (
				268C8ED61CDD999B00E18796 /* Controller */,
				268C8ED91CDD999B00E18796 /* Model */,
				268C8EDA1CDD999B00E18796 /* View */,
			);
			path = "Esscen(精华)";
			sourceTree = "<group>";
		};
		268C8ED61CDD999B00E18796 /* Controller */ = {
			isa = PBXGroup;
			children = (
				268C8ED71CDD999B00E18796 /* KWEssenceViewController.h */,
				268C8ED81CDD999B00E18796 /* KWEssenceViewController.m */,
				268EE95B1CE156F300F48E4D /* KWRecommendTagViewController.h */,
				268EE95C1CE156F300F48E4D /* KWRecommendTagViewController.m */,
				26A417401CE6AECA006D6F56 /* KWTopicViewController.h */,
				26A417411CE6AECA006D6F56 /* KWTopicViewController.m */,
				262011F91CE9A6C200F6E0DA /* KWShowPictureViewController.h */,
				262011FA1CE9A6C200F6E0DA /* KWShowPictureViewController.m */,
				262011FB1CE9A6C200F6E0DA /* KWShowPictureViewController.xib */,
			);
			path = Controller;
			sourceTree = "<group>";
		};
		268C8ED91CDD999B00E18796 /* Model */ = {
			isa = PBXGroup;
			children = (
				268EE9631CE158C200F48E4D /* KWRecommendTag.h */,
				268EE9641CE158C200F48E4D /* KWRecommendTag.m */,
				269BD2B31CE3F9D100B060CE /* KWTopics.h */,
				269BD2B41CE3F9D100B060CE /* KWTopics.m */,
			);
			path = Model;
			sourceTree = "<group>";
		};
		268C8EDA1CDD999B00E18796 /* View */ = {
			isa = PBXGroup;
			children = (
				268EE95E1CE158A800F48E4D /* KWRecommendTagCell.h */,
				268EE95F1CE158A800F48E4D /* KWRecommendTagCell.m */,
				268EE9601CE158A800F48E4D /* KWRecommendTagCell.xib */,
				269BD2B91CE405CE00B060CE /* KWTopicsCell.h */,
				269BD2BA1CE405CE00B060CE /* KWTopicsCell.m */,
				269BD2BB1CE405CE00B060CE /* KWTopicsCell.xib */,
				268CC48F1CE7F02A009ED15E /* KWTopicPictureView.h */,
				268CC4901CE7F02A009ED15E /* KWTopicPictureView.m */,
				268CC4921CE7F039009ED15E /* KWTopicPictureView.xib */,
				26F9777A1CEC1A77009DA910 /* KWTopicVoiceView.h */,
				26F9777B1CEC1A77009DA910 /* KWTopicVoiceView.m */,
				26F9777D1CEC1A8A009DA910 /* KWTopicVoiceView.xib */,
				26F9777F1CEC215D009DA910 /* KWTopicVideoView.h */,
				26F977801CEC215D009DA910 /* KWTopicVideoView.m */,
				26F977821CEC216C009DA910 /* KWTopicVideoView.xib */,
			);
			path = View;
			sourceTree = "<group>";
		};
		268C8EDB1CDD999B00E18796 /* FriendTrends(关注) */ = {
			isa = PBXGroup;
			children = (
				268C8EDC1CDD999B00E18796 /* Controller */,
				268C8EDF1CDD999B00E18796 /* Model */,
				268C8EE01CDD999B00E18796 /* View */,
			);
			path = "FriendTrends(关注)";
			sourceTree = "<group>";
		};
		268C8EDC1CDD999B00E18796 /* Controller */ = {
			isa = PBXGroup;
			children = (
				268C8EDD1CDD999B00E18796 /* KWFriendTrendsViewController.h */,
				268C8EDE1CDD999B00E18796 /* KWFriendTrendsViewController.m */,
				268C8F821CDD9E2200E18796 /* KWFriendTrendsViewController.xib */,
				268C8F841CDD9FC800E18796 /* KWRecommendViewController.h */,
				268C8F851CDD9FC800E18796 /* KWRecommendViewController.m */,
				268C8F861CDD9FC800E18796 /* KWRecommendViewController.xib */,
				268906F21CE1D6A100D4E518 /* KWLoginRegisterViewController.h */,
				268906F31CE1D6A100D4E518 /* KWLoginRegisterViewController.m */,
				268906F41CE1D6A100D4E518 /* KWLoginRegisterViewController.xib */,
			);
			path = Controller;
			sourceTree = "<group>";
		};
		268C8EDF1CDD999B00E18796 /* Model */ = {
			isa = PBXGroup;
			children = (
				268EE9191CE14D8300F48E4D /* KWRecommendCategory.h */,
				268EE91A1CE14D8300F48E4D /* KWRecommendCategory.m */,
				268EE91C1CE14D9800F48E4D /* KWRecommendUser.h */,
				268EE91D1CE14D9800F48E4D /* KWRecommendUser.m */,
				268906FA1CE206C800D4E518 /* KWTextField.h */,
				268906FB1CE206C800D4E518 /* KWTextField.m */,
			);
			path = Model;
			sourceTree = "<group>";
		};
		268C8EE01CDD999B00E18796 /* View */ = {
			isa = PBXGroup;
			children = (
				268EE91F1CE14DBB00F48E4D /* KWRecommendCategoryCell.h */,
				268EE9201CE14DBB00F48E4D /* KWRecommendCategoryCell.m */,
				268EE9211CE14DBB00F48E4D /* KWRecommendCategoryCell.xib */,
				268EE9241CE14DD500F48E4D /* KWRecommendUserCell.h */,
				268EE9251CE14DD500F48E4D /* KWRecommendUserCell.m */,
				268EE9261CE14DD500F48E4D /* KWRecommendUserCell.xib */,
				268906F71CE1DF7E00D4E518 /* KWVerticalButton.h */,
				268906F81CE1DF7E00D4E518 /* KWVerticalButton.m */,
			);
			path = View;
			sourceTree = "<group>";
		};
		268C8EE11CDD999B00E18796 /* Main(主要) */ = {
			isa = PBXGroup;
			children = (
				268C8EE21CDD999B00E18796 /* Controller */,
				268C8EE71CDD999B00E18796 /* Model */,
				268C8EE91CDD999B00E18796 /* View */,
			);
			path = "Main(主要)";
			sourceTree = "<group>";
		};
		268C8EE21CDD999B00E18796 /* Controller */ = {
			isa = PBXGroup;
			children = (
				268C8EE31CDD999B00E18796 /* KWNavigationController.h */,
				268C8EE41CDD999B00E18796 /* KWNavigationController.m */,
				268C8EE51CDD999B00E18796 /* KWTabBarController.h */,
				268C8EE61CDD999B00E18796 /* KWTabBarController.m */,
				26A18EA01CEAC05D006F333C /* KWPublishViewController.h */,
				26A18EA11CEAC05D006F333C /* KWPublishViewController.m */,
				26A18EA21CEAC05D006F333C /* KWPublishViewController.xib */,
			);
			path = Controller;
			sourceTree = "<group>";
		};
		268C8EE71CDD999B00E18796 /* Model */ = {
			isa = PBXGroup;
			children = (
			);
			path = Model;
			sourceTree = "<group>";
		};
		268C8EE91CDD999B00E18796 /* View */ = {
			isa = PBXGroup;
			children = (
				268C8EEA1CDD999B00E18796 /* KWTabBar.h */,
				268C8EEB1CDD999B00E18796 /* KWTabBar.m */,
			);
			path = View;
			sourceTree = "<group>";
		};
		268C8EEC1CDD999B00E18796 /* Me(我) */ = {
			isa = PBXGroup;
			children = (
				268C8EED1CDD999B00E18796 /* Controller */,
				268C8EF01CDD999B00E18796 /* Model */,
				268C8EF11CDD999B00E18796 /* View */,
			);
			path = "Me(我)";
			sourceTree = "<group>";
		};
		268C8EED1CDD999B00E18796 /* Controller */ = {
			isa = PBXGroup;
			children = (
				268C8EEE1CDD999B00E18796 /* KWMeViewController.h */,
				268C8EEF1CDD999B00E18796 /* KWMeViewController.m */,
			);
			path = Controller;
			sourceTree = "<group>";
		};
		268C8EF01CDD999B00E18796 /* Model */ = {
			isa = PBXGroup;
			children = (
			);
			path = Model;
			sourceTree = "<group>";
		};
		268C8EF11CDD999B00E18796 /* View */ = {
			isa = PBXGroup;
			children = (
			);
			path = View;
			sourceTree = "<group>";
		};
		268C8EF21CDD999B00E18796 /* New(新帖) */ = {
			isa = PBXGroup;
			children = (
				268C8EF31CDD999B00E18796 /* Controller */,
				268C8EF61CDD999B00E18796 /* Model */,
				268C8EF71CDD999B00E18796 /* View */,
			);
			path = "New(新帖)";
			sourceTree = "<group>";
		};
		268C8EF31CDD999B00E18796 /* Controller */ = {
			isa = PBXGroup;
			children = (
				268C8EF41CDD999B00E18796 /* KWNewViewController.h */,
				268C8EF51CDD999B00E18796 /* KWNewViewController.m */,
			);
			path = Controller;
			sourceTree = "<group>";
		};
		268C8EF61CDD999B00E18796 /* Model */ = {
			isa = PBXGroup;
			children = (
			);
			path = Model;
			sourceTree = "<group>";
		};
		268C8EF71CDD999B00E18796 /* View */ = {
			isa = PBXGroup;
			children = (
			);
			path = View;
			sourceTree = "<group>";
		};
		268C8EF81CDD999B00E18796 /* Other(其他) */ = {
			isa = PBXGroup;
			children = (
				268C8EF91CDD999B00E18796 /* AppDelegate.h */,
				268C8EFA1CDD999B00E18796 /* AppDelegate.m */,
				268C8EE81CDD999B00E18796 /* PrefixHeader.pch */,
				269BD2B61CE3FB1A00B060CE /* KWConst.h */,
				269BD2B71CE3FB1A00B060CE /* KWConst.m */,
				262011F51CE99DA800F6E0DA /* 自定义进度条控件 */,
				2697B4FA1CE2A561005689B6 /* PushGuideView(推送引导页) */,
				268C8EFB1CDD999B00E18796 /* Category */,
				268C8F021CDD999B00E18796 /* Lib */,
			);
			path = "Other(其他)";
			sourceTree = "<group>";
		};
		268C8EFB1CDD999B00E18796 /* Category */ = {
			isa = PBXGroup;
			children = (
				268C8EFC1CDD999B00E18796 /* UIBarButtonItem+KWExtension.h */,
				268C8EFD1CDD999B00E18796 /* UIBarButtonItem+KWExtension.m */,
				268C8EFE1CDD999B00E18796 /* UIImage+KWExtension.h */,
				268C8EFF1CDD999B00E18796 /* UIImage+KWExtension.m */,
				268C8F001CDD999B00E18796 /* UIView+XMGExtension.h */,
				268C8F011CDD999B00E18796 /* UIView+XMGExtension.m */,
				26A4173D1CE6969A006D6F56 /* NSDate+KWExtension.h */,
				26A4173E1CE6969A006D6F56 /* NSDate+KWExtension.m */,
			);
			path = Category;
			sourceTree = "<group>";
		};
		268C8F021CDD999B00E18796 /* Lib */ = {
			isa = PBXGroup;
			children = (
				262011EE1CE99D9100F6E0DA /* DACircularProgress */,
				268EE9291CE14FA100F48E4D /* SDWebImage */,
				268C8F891CDDA04A00E18796 /* SVProgressHUD */,
				268C8F031CDD999B00E18796 /* AFNetworking */,
				268C8F111CDD999B00E18796 /* MJExtension */,
				268C8F271CDD999B00E18796 /* MJRefresh */,
			);
			path = Lib;
			sourceTree = "<group>";
		};
		268C8F031CDD999B00E18796 /* AFNetworking */ = {
			isa = PBXGroup;
			children = (
				268C8F041CDD999B00E18796 /* AFHTTPSessionManager.h */,
				268C8F051CDD999B00E18796 /* AFHTTPSessionManager.m */,
				268C8F061CDD999B00E18796 /* AFNetworking.h */,
				268C8F071CDD999B00E18796 /* AFNetworkReachabilityManager.h */,
				268C8F081CDD999B00E18796 /* AFNetworkReachabilityManager.m */,
				268C8F091CDD999B00E18796 /* AFSecurityPolicy.h */,
				268C8F0A1CDD999B00E18796 /* AFSecurityPolicy.m */,
				268C8F0B1CDD999B00E18796 /* AFURLRequestSerialization.h */,
				268C8F0C1CDD999B00E18796 /* AFURLRequestSerialization.m */,
				268C8F0D1CDD999B00E18796 /* AFURLResponseSerialization.h */,
				268C8F0E1CDD999B00E18796 /* AFURLResponseSerialization.m */,
				268C8F0F1CDD999B00E18796 /* AFURLSessionManager.h */,
				268C8F101CDD999B00E18796 /* AFURLSessionManager.m */,
			);
			path = AFNetworking;
			sourceTree = "<group>";
		};
		268C8F111CDD999B00E18796 /* MJExtension */ = {
			isa = PBXGroup;
			children = (
				268C8F121CDD999B00E18796 /* MJExtension.h */,
				268C8F131CDD999B00E18796 /* MJExtensionConst.h */,
				268C8F141CDD999B00E18796 /* MJExtensionConst.m */,
				268C8F151CDD999B00E18796 /* MJFoundation.h */,
				268C8F161CDD999B00E18796 /* MJFoundation.m */,
				268C8F171CDD999B00E18796 /* MJProperty.h */,
				268C8F181CDD999B00E18796 /* MJProperty.m */,
				268C8F191CDD999B00E18796 /* MJPropertyKey.h */,
				268C8F1A1CDD999B00E18796 /* MJPropertyKey.m */,
				268C8F1B1CDD999B00E18796 /* MJPropertyType.h */,
				268C8F1C1CDD999B00E18796 /* MJPropertyType.m */,
				268C8F1D1CDD999B00E18796 /* NSObject+MJClass.h */,
				268C8F1E1CDD999B00E18796 /* NSObject+MJClass.m */,
				268C8F1F1CDD999B00E18796 /* NSObject+MJCoding.h */,
				268C8F201CDD999B00E18796 /* NSObject+MJCoding.m */,
				268C8F211CDD999B00E18796 /* NSObject+MJKeyValue.h */,
				268C8F221CDD999B00E18796 /* NSObject+MJKeyValue.m */,
				268C8F231CDD999B00E18796 /* NSObject+MJProperty.h */,
				268C8F241CDD999B00E18796 /* NSObject+MJProperty.m */,
				268C8F251CDD999B00E18796 /* NSString+MJExtension.h */,
				268C8F261CDD999B00E18796 /* NSString+MJExtension.m */,
			);
			path = MJExtension;
			sourceTree = "<group>";
		};
		268C8F271CDD999B00E18796 /* MJRefresh */ = {
			isa = PBXGroup;
			children = (
				268C8F281CDD999B00E18796 /* Base */,
				268C8F331CDD999B00E18796 /* Custom */,
				268C8F4A1CDD999B00E18796 /* MJRefresh.bundle */,
				268C8F4B1CDD999B00E18796 /* MJRefresh.h */,
				268C8F4C1CDD999B00E18796 /* MJRefreshConst.h */,
				268C8F4D1CDD999B00E18796 /* MJRefreshConst.m */,
				268C8F4E1CDD999B00E18796 /* UIScrollView+MJExtension.h */,
				268C8F4F1CDD999B00E18796 /* UIScrollView+MJExtension.m */,
				268C8F501CDD999B00E18796 /* UIScrollView+MJRefresh.h */,
				268C8F511CDD999B00E18796 /* UIScrollView+MJRefresh.m */,
				268C8F521CDD999B00E18796 /* UIView+MJExtension.h */,
				268C8F531CDD999B00E18796 /* UIView+MJExtension.m */,
			);
			path = MJRefresh;
			sourceTree = "<group>";
		};
		268C8F281CDD999B00E18796 /* Base */ = {
			isa = PBXGroup;
			children = (
				268C8F291CDD999B00E18796 /* MJRefreshAutoFooter.h */,
				268C8F2A1CDD999B00E18796 /* MJRefreshAutoFooter.m */,
				268C8F2B1CDD999B00E18796 /* MJRefreshBackFooter.h */,
				268C8F2C1CDD999B00E18796 /* MJRefreshBackFooter.m */,
				268C8F2D1CDD999B00E18796 /* MJRefreshComponent.h */,
				268C8F2E1CDD999B00E18796 /* MJRefreshComponent.m */,
				268C8F2F1CDD999B00E18796 /* MJRefreshFooter.h */,
				268C8F301CDD999B00E18796 /* MJRefreshFooter.m */,
				268C8F311CDD999B00E18796 /* MJRefreshHeader.h */,
				268C8F321CDD999B00E18796 /* MJRefreshHeader.m */,
			);
			path = Base;
			sourceTree = "<group>";
		};
		268C8F331CDD999B00E18796 /* Custom */ = {
			isa = PBXGroup;
			children = (
				268C8F341CDD999B00E18796 /* Footer */,
				268C8F431CDD999B00E18796 /* Header */,
			);
			path = Custom;
			sourceTree = "<group>";
		};
		268C8F341CDD999B00E18796 /* Footer */ = {
			isa = PBXGroup;
			children = (
				268C8F351CDD999B00E18796 /* Auto */,
				268C8F3C1CDD999B00E18796 /* Back */,
			);
			path = Footer;
			sourceTree = "<group>";
		};
		268C8F351CDD999B00E18796 /* Auto */ = {
			isa = PBXGroup;
			children = (
				268C8F361CDD999B00E18796 /* MJRefreshAutoGifFooter.h */,
				268C8F371CDD999B00E18796 /* MJRefreshAutoGifFooter.m */,
				268C8F381CDD999B00E18796 /* MJRefreshAutoNormalFooter.h */,
				268C8F391CDD999B00E18796 /* MJRefreshAutoNormalFooter.m */,
				268C8F3A1CDD999B00E18796 /* MJRefreshAutoStateFooter.h */,
				268C8F3B1CDD999B00E18796 /* MJRefreshAutoStateFooter.m */,
			);
			path = Auto;
			sourceTree = "<group>";
		};
		268C8F3C1CDD999B00E18796 /* Back */ = {
			isa = PBXGroup;
			children = (
				268C8F3D1CDD999B00E18796 /* MJRefreshBackGifFooter.h */,
				268C8F3E1CDD999B00E18796 /* MJRefreshBackGifFooter.m */,
				268C8F3F1CDD999B00E18796 /* MJRefreshBackNormalFooter.h */,
				268C8F401CDD999B00E18796 /* MJRefreshBackNormalFooter.m */,
				268C8F411CDD999B00E18796 /* MJRefreshBackStateFooter.h */,
				268C8F421CDD999B00E18796 /* MJRefreshBackStateFooter.m */,
			);
			path = Back;
			sourceTree = "<group>";
		};
		268C8F431CDD999B00E18796 /* Header */ = {
			isa = PBXGroup;
			children = (
				268C8F441CDD999B00E18796 /* MJRefreshGifHeader.h */,
				268C8F451CDD999B00E18796 /* MJRefreshGifHeader.m */,
				268C8F461CDD999B00E18796 /* MJRefreshNormalHeader.h */,
				268C8F471CDD999B00E18796 /* MJRefreshNormalHeader.m */,
				268C8F481CDD999B00E18796 /* MJRefreshStateHeader.h */,
				268C8F491CDD999B00E18796 /* MJRefreshStateHeader.m */,
			);
			path = Header;
			sourceTree = "<group>";
		};
		268C8F891CDDA04A00E18796 /* SVProgressHUD */ = {
			isa = PBXGroup;
			children = (
				268C8F8A1CDDA04A00E18796 /* SVIndefiniteAnimatedView.h */,
				268C8F8B1CDDA04A00E18796 /* SVIndefiniteAnimatedView.m */,
				268C8F8C1CDDA04A00E18796 /* SVProgressAnimatedView.h */,
				268C8F8D1CDDA04A00E18796 /* SVProgressAnimatedView.m */,
				268C8F8E1CDDA04A00E18796 /* SVProgressHUD-Prefix.pch */,
				268C8F8F1CDDA04A00E18796 /* SVProgressHUD.bundle */,
				268C8F901CDDA04A00E18796 /* SVProgressHUD.h */,
				268C8F911CDDA04A00E18796 /* SVProgressHUD.m */,
				268C8F921CDDA04A00E18796 /* SVRadialGradientLayer.h */,
				268C8F931CDDA04A00E18796 /* SVRadialGradientLayer.m */,
			);
			name = SVProgressHUD;
			path = ../SVProgressHUD;
			sourceTree = "<group>";
		};
		268E88481CDB8E8D00C629E5 = {
			isa = PBXGroup;
			children = (
				268E88531CDB8E8D00C629E5 /* 百思不得姐 */,
				268E88521CDB8E8D00C629E5 /* Products */,
				6E67236B561BC74F71B8308F /* Pods */,
				033A85D8F5A21B8D244A5A32 /* Frameworks */,
			);
			sourceTree = "<group>";
		};
		268E88521CDB8E8D00C629E5 /* Products */ = {
			isa = PBXGroup;
			children = (
				268E88511CDB8E8D00C629E5 /* 百思不得姐.app */,
			);
			name = Products;
			sourceTree = "<group>";
		};
		268E88531CDB8E8D00C629E5 /* 百思不得姐 */ = {
			isa = PBXGroup;
			children = (
				268C8ED41CDD999B00E18796 /* Classes */,
				268E88541CDB8E8D00C629E5 /* Supporting Files */,
			);
			path = "百思不得姐";
			sourceTree = "<group>";
		};
		268E88541CDB8E8D00C629E5 /* Supporting Files */ = {
			isa = PBXGroup;
			children = (
				268E88601CDB8E8D00C629E5 /* Assets.xcassets */,
				268E88621CDB8E8D00C629E5 /* LaunchScreen.storyboard */,
				268E88651CDB8E8D00C629E5 /* Info.plist */,
				268E88551CDB8E8D00C629E5 /* main.m */,
			);
			name = "Supporting Files";
			sourceTree = "<group>";
		};
		268EE9291CE14FA100F48E4D /* SDWebImage */ = {
			isa = PBXGroup;
			children = (
				268EE92A1CE14FA100F48E4D /* MKAnnotationView+WebCache.h */,
				268EE92B1CE14FA100F48E4D /* MKAnnotationView+WebCache.m */,
				268EE92C1CE14FA100F48E4D /* NSData+ImageContentType.h */,
				268EE92D1CE14FA100F48E4D /* NSData+ImageContentType.m */,
				268EE92E1CE14FA100F48E4D /* SDImageCache.h */,
				268EE92F1CE14FA100F48E4D /* SDImageCache.m */,
				268EE9301CE14FA100F48E4D /* SDWebImageCompat.h */,
				268EE9311CE14FA100F48E4D /* SDWebImageCompat.m */,
				268EE9321CE14FA100F48E4D /* SDWebImageDecoder.h */,
				268EE9331CE14FA100F48E4D /* SDWebImageDecoder.m */,
				268EE9341CE14FA100F48E4D /* SDWebImageDownloader.h */,
				268EE9351CE14FA100F48E4D /* SDWebImageDownloader.m */,
				268EE9361CE14FA100F48E4D /* SDWebImageDownloaderOperation.h */,
				268EE9371CE14FA100F48E4D /* SDWebImageDownloaderOperation.m */,
				268EE9381CE14FA100F48E4D /* SDWebImageManager.h */,
				268EE9391CE14FA100F48E4D /* SDWebImageManager.m */,
				268EE93A1CE14FA100F48E4D /* SDWebImageOperation.h */,
				268EE93B1CE14FA100F48E4D /* SDWebImagePrefetcher.h */,
				268EE93C1CE14FA100F48E4D /* SDWebImagePrefetcher.m */,
				268EE93D1CE14FA100F48E4D /* UIButton+WebCache.h */,
				268EE93E1CE14FA100F48E4D /* UIButton+WebCache.m */,
				268EE93F1CE14FA100F48E4D /* UIImage+GIF.h */,
				268EE9401CE14FA100F48E4D /* UIImage+GIF.m */,
				268EE9411CE14FA100F48E4D /* UIImage+MultiFormat.h */,
				268EE9421CE14FA100F48E4D /* UIImage+MultiFormat.m */,
				268EE9431CE14FA100F48E4D /* UIImage+WebP.h */,
				268EE9441CE14FA100F48E4D /* UIImage+WebP.m */,
				268EE9451CE14FA100F48E4D /* UIImageView+HighlightedWebCache.h */,
				268EE9461CE14FA100F48E4D /* UIImageView+HighlightedWebCache.m */,
				268EE9471CE14FA100F48E4D /* UIImageView+WebCache.h */,
				268EE9481CE14FA100F48E4D /* UIImageView+WebCache.m */,
				268EE9491CE14FA100F48E4D /* UIView+WebCacheOperation.h */,
				268EE94A1CE14FA100F48E4D /* UIView+WebCacheOperation.m */,
			);
			path = SDWebImage;
			sourceTree = "<group>";
		};
		2697B4FA1CE2A561005689B6 /* PushGuideView(推送引导页) */ = {
			isa = PBXGroup;
			children = (
				2697B4FB1CE2A561005689B6 /* KWPushGuideView.h */,
				2697B4FC1CE2A561005689B6 /* KWPushGuideView.m */,
				2697B4FD1CE2A561005689B6 /* KWPushGuideView.xib */,
			);
			path = "PushGuideView(推送引导页)";
			sourceTree = "<group>";
		};
		6E67236B561BC74F71B8308F /* Pods */ = {
			isa = PBXGroup;
			children = (
				14DBA33194D1B5DB3A9FD41A /* Pods.debug.xcconfig */,
				8929AEF67C89092D6AE235CE /* Pods.release.xcconfig */,
			);
			name = Pods;
			sourceTree = "<group>";
		};
/* End PBXGroup section */

/* Begin PBXNativeTarget section */
		268E88501CDB8E8D00C629E5 /* 百思不得姐 */ = {
			isa = PBXNativeTarget;
			buildConfigurationList = 268E88681CDB8E8D00C629E5 /* Build configuration list for PBXNativeTarget "百思不得姐" */;
			buildPhases = (
				44F7E822037F490AD42B66E6 /* Check Pods Manifest.lock */,
				268E884D1CDB8E8D00C629E5 /* Sources */,
				268E884E1CDB8E8D00C629E5 /* Frameworks */,
				268E884F1CDB8E8D00C629E5 /* Resources */,
				2B08835E316D5860A181A62E /* Embed Pods Frameworks */,
				4461D26EDD12336C01C2ECBB /* Copy Pods Resources */,
			);
			buildRules = (
			);
			dependencies = (
			);
			name = "百思不得姐";
			productName = "百思不得姐";
			productReference = 268E88511CDB8E8D00C629E5 /* 百思不得姐.app */;
			productType = "com.apple.product-type.application";
		};
/* End PBXNativeTarget section */

/* Begin PBXProject section */
		268E88491CDB8E8D00C629E5 /* Project object */ = {
			isa = PBXProject;
			attributes = {
				CLASSPREFIX = KW;
				LastUpgradeCheck = 0720;
				ORGANIZATIONNAME = KW;
				TargetAttributes = {
					268E88501CDB8E8D00C629E5 = {
						CreatedOnToolsVersion = 7.2.1;
						DevelopmentTeam = 25UN36B84V;
					};
				};
			};
			buildConfigurationList = 268E884C1CDB8E8D00C629E5 /* Build configuration list for PBXProject "百思不得姐" */;
			compatibilityVersion = "Xcode 3.2";
			developmentRegion = English;
			hasScannedForEncodings = 0;
			knownRegions = (
				en,
				Base,
			);
			mainGroup = 268E88481CDB8E8D00C629E5;
			productRefGroup = 268E88521CDB8E8D00C629E5 /* Products */;
			projectDirPath = "";
			projectRoot = "";
			targets = (
				268E88501CDB8E8D00C629E5 /* 百思不得姐 */,
			);
		};
/* End PBXProject section */

/* Begin PBXResourcesBuildPhase section */
		268E884F1CDB8E8D00C629E5 /* Resources */ = {
			isa = PBXResourcesBuildPhase;
			buildActionMask = 2147483647;
			files = (
				262011FD1CE9A6C200F6E0DA /* KWShowPictureViewController.xib in Resources */,
				268C8F831CDD9E2200E18796 /* KWFriendTrendsViewController.xib in Resources */,
				268EE9621CE158A800F48E4D /* KWRecommendTagCell.xib in Resources */,
				268CC4931CE7F039009ED15E /* KWTopicPictureView.xib in Resources */,
				268EE9231CE14DBB00F48E4D /* KWRecommendCategoryCell.xib in Resources */,
				268C8F961CDDA04A00E18796 /* SVProgressHUD.bundle in Resources */,
				2697B4FF1CE2A561005689B6 /* KWPushGuideView.xib in Resources */,
				26F9777E1CEC1A8A009DA910 /* KWTopicVoiceView.xib in Resources */,
				268EE9281CE14DD500F48E4D /* KWRecommendUserCell.xib in Resources */,
				26A18EA41CEAC05D006F333C /* KWPublishViewController.xib in Resources */,
				268906F61CE1D6A100D4E518 /* KWLoginRegisterViewController.xib in Resources */,
				268C8F881CDD9FC800E18796 /* KWRecommendViewController.xib in Resources */,
				268E88641CDB8E8D00C629E5 /* LaunchScreen.storyboard in Resources */,
				269BD2BD1CE405CE00B060CE /* KWTopicsCell.xib in Resources */,
				268E88611CDB8E8D00C629E5 /* Assets.xcassets in Resources */,
				268C8F7D1CDD999B00E18796 /* MJRefresh.bundle in Resources */,
				26F977831CEC216C009DA910 /* KWTopicVideoView.xib in Resources */,
			);
			runOnlyForDeploymentPostprocessing = 0;
		};
/* End PBXResourcesBuildPhase section */

/* Begin PBXShellScriptBuildPhase section */
		2B08835E316D5860A181A62E /* Embed Pods Frameworks */ = {
			isa = PBXShellScriptBuildPhase;
			buildActionMask = 2147483647;
			files = (
			);
			inputPaths = (
			);
			name = "Embed Pods Frameworks";
			outputPaths = (
			);
			runOnlyForDeploymentPostprocessing = 0;
			shellPath = /bin/sh;
			shellScript = "\"${SRCROOT}/Pods/Target Support Files/Pods/Pods-frameworks.sh\"\n";
			showEnvVarsInLog = 0;
		};
		4461D26EDD12336C01C2ECBB /* Copy Pods Resources */ = {
			isa = PBXShellScriptBuildPhase;
			buildActionMask = 2147483647;
			files = (
			);
			inputPaths = (
			);
			name = "Copy Pods Resources";
			outputPaths = (
			);
			runOnlyForDeploymentPostprocessing = 0;
			shellPath = /bin/sh;
			shellScript = "\"${SRCROOT}/Pods/Target Support Files/Pods/Pods-resources.sh\"\n";
			showEnvVarsInLog = 0;
		};
		44F7E822037F490AD42B66E6 /* Check Pods Manifest.lock */ = {
			isa = PBXShellScriptBuildPhase;
			buildActionMask = 2147483647;
			files = (
			);
			inputPaths = (
			);
			name = "Check Pods Manifest.lock";
			outputPaths = (
			);
			runOnlyForDeploymentPostprocessing = 0;
			shellPath = /bin/sh;
			shellScript = "diff \"${PODS_ROOT}/../Podfile.lock\" \"${PODS_ROOT}/Manifest.lock\" > /dev/null\nif [[ $? != 0 ]] ; then\n    cat << EOM\nerror: The sandbox is not in sync with the Podfile.lock. Run 'pod install' or update your CocoaPods installation.\nEOM\n    exit 1\nfi\n";
			showEnvVarsInLog = 0;
		};
/* End PBXShellScriptBuildPhase section */

/* Begin PBXSourcesBuildPhase section */
		268E884D1CDB8E8D00C629E5 /* Sources */ = {
			isa = PBXSourcesBuildPhase;
			buildActionMask = 2147483647;
			files = (
				268EE9581CE14FA100F48E4D /* UIImageView+HighlightedWebCache.m in Sources */,
				268EE9551CE14FA100F48E4D /* UIImage+GIF.m in Sources */,
				268C8F5C1CDD999B00E18796 /* UIBarButtonItem+KWExtension.m in Sources */,
				268EE94D1CE14FA100F48E4D /* SDImageCache.m in Sources */,
				268EE9501CE14FA100F48E4D /* SDWebImageDownloader.m in Sources */,
				268C8F741CDD999B00E18796 /* MJRefreshAutoGifFooter.m in Sources */,
				268EE9561CE14FA100F48E4D /* UIImage+MultiFormat.m in Sources */,
				268C8F791CDD999B00E18796 /* MJRefreshBackStateFooter.m in Sources */,
				268C8F811CDD999B00E18796 /* UIView+MJExtension.m in Sources */,
				268C8F721CDD999B00E18796 /* MJRefreshFooter.m in Sources */,
				26A417421CE6AECA006D6F56 /* KWTopicViewController.m in Sources */,
				262011F41CE99D9100F6E0DA /* DALabeledCircularProgressView.m in Sources */,
				268906FC1CE206C800D4E518 /* KWTextField.m in Sources */,
				268C8F681CDD999B00E18796 /* MJPropertyKey.m in Sources */,
				268C8F6C1CDD999B00E18796 /* NSObject+MJKeyValue.m in Sources */,
				268EE91E1CE14D9800F48E4D /* KWRecommendUser.m in Sources */,
				268C8F6F1CDD999B00E18796 /* MJRefreshAutoFooter.m in Sources */,
				268C8F611CDD999B00E18796 /* AFSecurityPolicy.m in Sources */,
				268C8F871CDD9FC800E18796 /* KWRecommendViewController.m in Sources */,
				268C8F951CDDA04A00E18796 /* SVProgressAnimatedView.m in Sources */,
				268EE9511CE14FA100F48E4D /* SDWebImageDownloaderOperation.m in Sources */,
				268C8F7F1CDD999B00E18796 /* UIScrollView+MJExtension.m in Sources */,
				268EE94C1CE14FA100F48E4D /* NSData+ImageContentType.m in Sources */,
				268EE9531CE14FA100F48E4D /* SDWebImagePrefetcher.m in Sources */,
				268C8F941CDDA04A00E18796 /* SVIndefiniteAnimatedView.m in Sources */,
				268C8F5E1CDD999B00E18796 /* UIView+XMGExtension.m in Sources */,
				269BD2B51CE3F9D100B060CE /* KWTopics.m in Sources */,
				268EE9651CE158C200F48E4D /* KWRecommendTag.m in Sources */,
				268C8F761CDD999B00E18796 /* MJRefreshAutoStateFooter.m in Sources */,
				268EE95D1CE156F300F48E4D /* KWRecommendTagViewController.m in Sources */,
				268C8F661CDD999B00E18796 /* MJFoundation.m in Sources */,
				262011F31CE99D9100F6E0DA /* DACircularProgressView.m in Sources */,
				268EE9541CE14FA100F48E4D /* UIButton+WebCache.m in Sources */,
				262011F81CE99DE300F6E0DA /* KWProgressView.m in Sources */,
				268EE95A1CE14FA100F48E4D /* UIView+WebCacheOperation.m in Sources */,
				268C8F591CDD999B00E18796 /* KWMeViewController.m in Sources */,
				268E88561CDB8E8D00C629E5 /* main.m in Sources */,
				268C8F731CDD999B00E18796 /* MJRefreshHeader.m in Sources */,
				268C8F5B1CDD999B00E18796 /* AppDelegate.m in Sources */,
				268906F91CE1DF7E00D4E518 /* KWVerticalButton.m in Sources */,
				268EE9611CE158A800F48E4D /* KWRecommendTagCell.m in Sources */,
				269BD2B81CE3FB1A00B060CE /* KWConst.m in Sources */,
				268CC4911CE7F02A009ED15E /* KWTopicPictureView.m in Sources */,
				268C8F581CDD999B00E18796 /* KWTabBar.m in Sources */,
				268C8F621CDD999B00E18796 /* AFURLRequestSerialization.m in Sources */,
				268EE9591CE14FA100F48E4D /* UIImageView+WebCache.m in Sources */,
				262011FC1CE9A6C200F6E0DA /* KWShowPictureViewController.m in Sources */,
				268C8F5A1CDD999B00E18796 /* KWNewViewController.m in Sources */,
				268C8F641CDD999B00E18796 /* AFURLSessionManager.m in Sources */,
				268EE94E1CE14FA100F48E4D /* SDWebImageCompat.m in Sources */,
				268EE94B1CE14FA100F48E4D /* MKAnnotationView+WebCache.m in Sources */,
				2697B4FE1CE2A561005689B6 /* KWPushGuideView.m in Sources */,
				268C8F651CDD999B00E18796 /* MJExtensionConst.m in Sources */,
				268C8F561CDD999B00E18796 /* KWNavigationController.m in Sources */,
				268EE9271CE14DD500F48E4D /* KWRecommendUserCell.m in Sources */,
				268C8F6B1CDD999B00E18796 /* NSObject+MJCoding.m in Sources */,
				268C8F801CDD999B00E18796 /* UIScrollView+MJRefresh.m in Sources */,
				268C8F781CDD999B00E18796 /* MJRefreshBackNormalFooter.m in Sources */,
				268C8F5D1CDD999B00E18796 /* UIImage+KWExtension.m in Sources */,
				268C8F701CDD999B00E18796 /* MJRefreshBackFooter.m in Sources */,
				268C8F571CDD999B00E18796 /* KWTabBarController.m in Sources */,
				268C8F631CDD999B00E18796 /* AFURLResponseSerialization.m in Sources */,
				268C8F6D1CDD999B00E18796 /* NSObject+MJProperty.m in Sources */,
				268C8F7A1CDD999B00E18796 /* MJRefreshGifHeader.m in Sources */,
				268C8F671CDD999B00E18796 /* MJProperty.m in Sources */,
				268C8F751CDD999B00E18796 /* MJRefreshAutoNormalFooter.m in Sources */,
				268C8F971CDDA04A00E18796 /* SVProgressHUD.m in Sources */,
				268C8F771CDD999B00E18796 /* MJRefreshBackGifFooter.m in Sources */,
				268C8F601CDD999B00E18796 /* AFNetworkReachabilityManager.m in Sources */,
				26A4173F1CE6969A006D6F56 /* NSDate+KWExtension.m in Sources */,
				268C8F551CDD999B00E18796 /* KWFriendTrendsViewController.m in Sources */,
				26A18EA31CEAC05D006F333C /* KWPublishViewController.m in Sources */,
				268C8F541CDD999B00E18796 /* KWEssenceViewController.m in Sources */,
				268C8F6E1CDD999B00E18796 /* NSString+MJExtension.m in Sources */,
				268C8F6A1CDD999B00E18796 /* NSObject+MJClass.m in Sources */,
				268C8F7C1CDD999B00E18796 /* MJRefreshStateHeader.m in Sources */,
				268C8F691CDD999B00E18796 /* MJPropertyType.m in Sources */,
				268EE94F1CE14FA100F48E4D /* SDWebImageDecoder.m in Sources */,
				268EE9571CE14FA100F48E4D /* UIImage+WebP.m in Sources */,
				26F9777C1CEC1A77009DA910 /* KWTopicVoiceView.m in Sources */,
				26F977811CEC215D009DA910 /* KWTopicVideoView.m in Sources */,
				269BD2BC1CE405CE00B060CE /* KWTopicsCell.m in Sources */,
				268C8F981CDDA04A00E18796 /* SVRadialGradientLayer.m in Sources */,
				268C8F7E1CDD999B00E18796 /* MJRefreshConst.m in Sources */,
				268EE9521CE14FA100F48E4D /* SDWebImageManager.m in Sources */,
				268C8F5F1CDD999B00E18796 /* AFHTTPSessionManager.m in Sources */,
				268C8F7B1CDD999B00E18796 /* MJRefreshNormalHeader.m in Sources */,
				268EE91B1CE14D8300F48E4D /* KWRecommendCategory.m in Sources */,
				268906F51CE1D6A100D4E518 /* KWLoginRegisterViewController.m in Sources */,
				268EE9221CE14DBB00F48E4D /* KWRecommendCategoryCell.m in Sources */,
				268C8F711CDD999B00E18796 /* MJRefreshComponent.m in Sources */,
			);
			runOnlyForDeploymentPostprocessing = 0;
		};
/* End PBXSourcesBuildPhase section */

/* Begin PBXVariantGroup section */
		268E88621CDB8E8D00C629E5 /* LaunchScreen.storyboard */ = {
			isa = PBXVariantGroup;
			children = (
				268E88631CDB8E8D00C629E5 /* Base */,
			);
			name = LaunchScreen.storyboard;
			sourceTree = "<group>";
		};
/* End PBXVariantGroup section */

/* Begin XCBuildConfiguration section */
		268E88661CDB8E8D00C629E5 /* Debug */ = {
			isa = XCBuildConfiguration;
			buildSettings = {
				ALWAYS_SEARCH_USER_PATHS = NO;
				CLANG_CXX_LANGUAGE_STANDARD = "gnu++0x";
				CLANG_CXX_LIBRARY = "libc++";
				CLANG_ENABLE_MODULES = YES;
				CLANG_ENABLE_OBJC_ARC = YES;
				CLANG_WARN_BOOL_CONVERSION = YES;
				CLANG_WARN_CONSTANT_CONVERSION = YES;
				CLANG_WARN_DIRECT_OBJC_ISA_USAGE = YES_ERROR;
				CLANG_WARN_EMPTY_BODY = YES;
				CLANG_WARN_ENUM_CONVERSION = YES;
				CLANG_WARN_INT_CONVERSION = YES;
				CLANG_WARN_OBJC_ROOT_CLASS = YES_ERROR;
				CLANG_WARN_UNREACHABLE_CODE = YES;
				CLANG_WARN__DUPLICATE_METHOD_MATCH = YES;
				"CODE_SIGN_IDENTITY[sdk=iphoneos*]" = "iPhone Developer";
				COPY_PHASE_STRIP = NO;
				DEBUG_INFORMATION_FORMAT = dwarf;
				ENABLE_STRICT_OBJC_MSGSEND = YES;
				ENABLE_TESTABILITY = YES;
				GCC_C_LANGUAGE_STANDARD = gnu99;
				GCC_DYNAMIC_NO_PIC = NO;
				GCC_NO_COMMON_BLOCKS = YES;
				GCC_OPTIMIZATION_LEVEL = 0;
				GCC_PREPROCESSOR_DEFINITIONS = (
					"DEBUG=1",
					"$(inherited)",
				);
				GCC_WARN_64_TO_32_BIT_CONVERSION = YES;
				GCC_WARN_ABOUT_RETURN_TYPE = YES_ERROR;
				GCC_WARN_UNDECLARED_SELECTOR = YES;
				GCC_WARN_UNINITIALIZED_AUTOS = YES_AGGRESSIVE;
				GCC_WARN_UNUSED_FUNCTION = YES;
				GCC_WARN_UNUSED_VARIABLE = YES;
				IPHONEOS_DEPLOYMENT_TARGET = 9.2;
				MTL_ENABLE_DEBUG_INFO = YES;
				ONLY_ACTIVE_ARCH = YES;
				SDKROOT = iphoneos;
			};
			name = Debug;
		};
		268E88671CDB8E8D00C629E5 /* Release */ = {
			isa = XCBuildConfiguration;
			buildSettings = {
				ALWAYS_SEARCH_USER_PATHS = NO;
				CLANG_CXX_LANGUAGE_STANDARD = "gnu++0x";
				CLANG_CXX_LIBRARY = "libc++";
				CLANG_ENABLE_MODULES = YES;
				CLANG_ENABLE_OBJC_ARC = YES;
				CLANG_WARN_BOOL_CONVERSION = YES;
				CLANG_WARN_CONSTANT_CONVERSION = YES;
				CLANG_WARN_DIRECT_OBJC_ISA_USAGE = YES_ERROR;
				CLANG_WARN_EMPTY_BODY = YES;
				CLANG_WARN_ENUM_CONVERSION = YES;
				CLANG_WARN_INT_CONVERSION = YES;
				CLANG_WARN_OBJC_ROOT_CLASS = YES_ERROR;
				CLANG_WARN_UNREACHABLE_CODE = YES;
				CLANG_WARN__DUPLICATE_METHOD_MATCH = YES;
				"CODE_SIGN_IDENTITY[sdk=iphoneos*]" = "iPhone Developer";
				COPY_PHASE_STRIP = NO;
				DEBUG_INFORMATION_FORMAT = "dwarf-with-dsym";
				ENABLE_NS_ASSERTIONS = NO;
				ENABLE_STRICT_OBJC_MSGSEND = YES;
				GCC_C_LANGUAGE_STANDARD = gnu99;
				GCC_NO_COMMON_BLOCKS = YES;
				GCC_WARN_64_TO_32_BIT_CONVERSION = YES;
				GCC_WARN_ABOUT_RETURN_TYPE = YES_ERROR;
				GCC_WARN_UNDECLARED_SELECTOR = YES;
				GCC_WARN_UNINITIALIZED_AUTOS = YES_AGGRESSIVE;
				GCC_WARN_UNUSED_FUNCTION = YES;
				GCC_WARN_UNUSED_VARIABLE = YES;
				IPHONEOS_DEPLOYMENT_TARGET = 9.2;
				MTL_ENABLE_DEBUG_INFO = NO;
				SDKROOT = iphoneos;
				VALIDATE_PRODUCT = YES;
			};
			name = Release;
		};
		268E88691CDB8E8D00C629E5 /* Debug */ = {
			isa = XCBuildConfiguration;
			baseConfigurationReference = 14DBA33194D1B5DB3A9FD41A /* Pods.debug.xcconfig */;
			buildSettings = {
				ASSETCATALOG_COMPILER_APPICON_NAME = AppIcon;
				ASSETCATALOG_COMPILER_LAUNCHIMAGE_NAME = "Brand Assets";
				CODE_SIGN_IDENTITY = "iPhone Developer";
				GCC_PREFIX_HEADER = "/Users/KevinW/Desktop/iOS练习/1 百思不得姐/1-MyCode/0729/5 点击全屏显示图片/百思不得姐/Classes/Main(主要)/PrefixHeader.pch";
				INFOPLIST_FILE = "百思不得姐/Info.plist";
				IPHONEOS_DEPLOYMENT_TARGET = 9.0;
				LD_RUNPATH_SEARCH_PATHS = "$(inherited) @executable_path/Frameworks";
				PRODUCT_BUNDLE_IDENTIFIER = kevinw.BaiSiBuDeJie123;
				PRODUCT_NAME = "$(TARGET_NAME)";
			};
			name = Debug;
		};
		268E886A1CDB8E8D00C629E5 /* Release */ = {
			isa = XCBuildConfiguration;
			baseConfigurationReference = 8929AEF67C89092D6AE235CE /* Pods.release.xcconfig */;
			buildSettings = {
				ASSETCATALOG_COMPILER_APPICON_NAME = AppIcon;
				ASSETCATALOG_COMPILER_LAUNCHIMAGE_NAME = "Brand Assets";
				CODE_SIGN_IDENTITY = "iPhone Developer";
				GCC_PREFIX_HEADER = "/Users/KevinW/Desktop/iOS练习/1 百思不得姐/1-MyCode/0729/5 点击全屏显示图片/百思不得姐/Classes/Main(主要)/PrefixHeader.pch";
				INFOPLIST_FILE = "百思不得姐/Info.plist";
				IPHONEOS_DEPLOYMENT_TARGET = 9.0;
				LD_RUNPATH_SEARCH_PATHS = "$(inherited) @executable_path/Frameworks";
				PRODUCT_BUNDLE_IDENTIFIER = kevinw.BaiSiBuDeJie123;
				PRODUCT_NAME = "$(TARGET_NAME)";
			};
			name = Release;
		};
/* End XCBuildConfiguration section */

/* Begin XCConfigurationList section */
		268E884C1CDB8E8D00C629E5 /* Build configuration list for PBXProject "百思不得姐" */ = {
			isa = XCConfigurationList;
			buildConfigurations = (
				268E88661CDB8E8D00C629E5 /* Debug */,
				268E88671CDB8E8D00C629E5 /* Release */,
			);
			defaultConfigurationIsVisible = 0;
			defaultConfigurationName = Release;
		};
		268E88681CDB8E8D00C629E5 /* Build configuration list for PBXNativeTarget "百思不得姐" */ = {
			isa = XCConfigurationList;
			buildConfigurations = (
				268E88691CDB8E8D00C629E5 /* Debug */,
				268E886A1CDB8E8D00C629E5 /* Release */,
			);
			defaultConfigurationIsVisible = 0;
			defaultConfigurationName = Release;
		};
/* End XCConfigurationList section */
	};
	rootObject = 268E88491CDB8E8D00C629E5 /* Project object */;
}
